// !$*UTF8*$!
{
	archiveVersion = 1;
	classes = {
	};
	objectVersion = 46;
	objects = {

/* Begin PBXBuildFile section */
		185FD1811AE64D6500A19BDE /* LoginVC.m in Sources */ = {isa = PBXBuildFile; fileRef = 185FD17F1AE64D6500A19BDE /* LoginVC.m */; };
		185FD1821AE64D6500A19BDE /* LoginVC.xib in Resources */ = {isa = PBXBuildFile; fileRef = 185FD1801AE64D6500A19BDE /* LoginVC.xib */; };
		185FD1861AE64E7300A19BDE /* LeftVC.m in Sources */ = {isa = PBXBuildFile; fileRef = 185FD1841AE64E7300A19BDE /* LeftVC.m */; };
		185FD1871AE64E7300A19BDE /* LeftVC.xib in Resources */ = {isa = PBXBuildFile; fileRef = 185FD1851AE64E7300A19BDE /* LeftVC.xib */; };
		185FD1901AE6590500A19BDE /* HomeViewController.m in Sources */ = {isa = PBXBuildFile; fileRef = 185FD18E1AE6590500A19BDE /* HomeViewController.m */; };
		185FD1911AE6590500A19BDE /* HomeViewController.xib in Resources */ = {isa = PBXBuildFile; fileRef = 185FD18F1AE6590500A19BDE /* HomeViewController.xib */; };
		7528AFD61AE73E2C00250D08 /* AppListAllRequest.m in Sources */ = {isa = PBXBuildFile; fileRef = 7528AFCF1AE73E2C00250D08 /* AppListAllRequest.m */; };
		7528AFD71AE73E2C00250D08 /* AppListInstalledRequest.m in Sources */ = {isa = PBXBuildFile; fileRef = 7528AFD11AE73E2C00250D08 /* AppListInstalledRequest.m */; };
		7528AFD81AE73E2C00250D08 /* ApplistUnInstalledRequest.m in Sources */ = {isa = PBXBuildFile; fileRef = 7528AFD31AE73E2C00250D08 /* ApplistUnInstalledRequest.m */; };
		7528AFD91AE73E2C00250D08 /* AppDetailRequest.m in Sources */ = {isa = PBXBuildFile; fileRef = 7528AFD51AE73E2C00250D08 /* AppDetailRequest.m */; };
		7528AFDE1AE73E6200250D08 /* AppModel.m in Sources */ = {isa = PBXBuildFile; fileRef = 7528AFDB1AE73E6200250D08 /* AppModel.m */; };
		7528AFDF1AE73E6200250D08 /* UserModel.m in Sources */ = {isa = PBXBuildFile; fileRef = 7528AFDD1AE73E6200250D08 /* UserModel.m */; };
		7528AFF51AE73E9A00250D08 /* AppDetailVC.m in Sources */ = {isa = PBXBuildFile; fileRef = 7528AFE21AE73E9A00250D08 /* AppDetailVC.m */; };
		7528AFF61AE73E9A00250D08 /* AppDetailVC.xib in Resources */ = {isa = PBXBuildFile; fileRef = 7528AFE31AE73E9A00250D08 /* AppDetailVC.xib */; };
		7528AFF71AE73E9A00250D08 /* ApplistAll.m in Sources */ = {isa = PBXBuildFile; fileRef = 7528AFE61AE73E9A00250D08 /* ApplistAll.m */; };
		7528AFF81AE73E9A00250D08 /* ApplistAll.xib in Resources */ = {isa = PBXBuildFile; fileRef = 7528AFE71AE73E9A00250D08 /* ApplistAll.xib */; };
		7528AFF91AE73E9A00250D08 /* AppListInstalled.m in Sources */ = {isa = PBXBuildFile; fileRef = 7528AFE91AE73E9A00250D08 /* AppListInstalled.m */; };
		7528AFFA1AE73E9A00250D08 /* AppListInstalled.xib in Resources */ = {isa = PBXBuildFile; fileRef = 7528AFEA1AE73E9A00250D08 /* AppListInstalled.xib */; };
		7528AFFB1AE73E9A00250D08 /* AppListUnInstalled.m in Sources */ = {isa = PBXBuildFile; fileRef = 7528AFEC1AE73E9A00250D08 /* AppListUnInstalled.m */; };
		7528AFFC1AE73E9A00250D08 /* AppListUnInstalled.xib in Resources */ = {isa = PBXBuildFile; fileRef = 7528AFED1AE73E9A00250D08 /* AppListUnInstalled.xib */; };
		7528AFFD1AE73E9A00250D08 /* AppListVC.m in Sources */ = {isa = PBXBuildFile; fileRef = 7528AFEF1AE73E9A00250D08 /* AppListVC.m */; };
		7528AFFE1AE73E9A00250D08 /* AppListVC.xib in Resources */ = {isa = PBXBuildFile; fileRef = 7528AFF01AE73E9A00250D08 /* AppListVC.xib */; };
		7528AFFF1AE73E9A00250D08 /* SettingVC.m in Sources */ = {isa = PBXBuildFile; fileRef = 7528AFF31AE73E9A00250D08 /* SettingVC.m */; };
		7528B0001AE73E9A00250D08 /* SettingVC.xib in Resources */ = {isa = PBXBuildFile; fileRef = 7528AFF41AE73E9A00250D08 /* SettingVC.xib */; };
		7528B0031AE7767700250D08 /* UserInfoRequest.m in Sources */ = {isa = PBXBuildFile; fileRef = 7528B0021AE7767700250D08 /* UserInfoRequest.m */; };
		7528B0071AE77C4000250D08 /* AppListCell.m in Sources */ = {isa = PBXBuildFile; fileRef = 7528B0051AE77C4000250D08 /* AppListCell.m */; };
		7528B0081AE77C4000250D08 /* AppListCell.xib in Resources */ = {isa = PBXBuildFile; fileRef = 7528B0061AE77C4000250D08 /* AppListCell.xib */; };
		755A799F1ADFBC1E00046777 /* SlideBaseVC.m in Sources */ = {isa = PBXBuildFile; fileRef = 755A799E1ADFBC1E00046777 /* SlideBaseVC.m */; };
		75EDCA001ADFA99900D5A069 /* SlideNavigationContorllerAnimatorFade.m in Sources */ = {isa = PBXBuildFile; fileRef = 75EDC9F21ADFA99900D5A069 /* SlideNavigationContorllerAnimatorFade.m */; };
		75EDCA011ADFA99900D5A069 /* SlideNavigationContorllerAnimatorScale.m in Sources */ = {isa = PBXBuildFile; fileRef = 75EDC9F41ADFA99900D5A069 /* SlideNavigationContorllerAnimatorScale.m */; };
		75EDCA021ADFA99900D5A069 /* SlideNavigationContorllerAnimatorScaleAndFade.m in Sources */ = {isa = PBXBuildFile; fileRef = 75EDC9F61ADFA99900D5A069 /* SlideNavigationContorllerAnimatorScaleAndFade.m */; };
		75EDCA031ADFA99900D5A069 /* SlideNavigationContorllerAnimatorSlide.m in Sources */ = {isa = PBXBuildFile; fileRef = 75EDC9F81ADFA99900D5A069 /* SlideNavigationContorllerAnimatorSlide.m */; };
		75EDCA041ADFA99900D5A069 /* SlideNavigationContorllerAnimatorSlideAndFade.m in Sources */ = {isa = PBXBuildFile; fileRef = 75EDC9FA1ADFA99900D5A069 /* SlideNavigationContorllerAnimatorSlideAndFade.m */; };
		75EDCA051ADFA99900D5A069 /* menu-button.png in Resources */ = {isa = PBXBuildFile; fileRef = 75EDC9FC1ADFA99900D5A069 /* menu-button.png */; };
		75EDCA061ADFA99900D5A069 /* menu-button@2x.png in Resources */ = {isa = PBXBuildFile; fileRef = 75EDC9FD1ADFA99900D5A069 /* menu-button@2x.png */; };
		75EDCA071ADFA99900D5A069 /* SlideNavigationController.m in Sources */ = {isa = PBXBuildFile; fileRef = 75EDC9FF1ADFA99900D5A069 /* SlideNavigationController.m */; };
		75F3B7001AE9E16C00E65A2E /* responseModel.m in Sources */ = {isa = PBXBuildFile; fileRef = 75F3B6FF1AE9E16C00E65A2E /* responseModel.m */; };
		75F3B7531AE9E3D000E65A2E /* LBBadgeView.m in Sources */ = {isa = PBXBuildFile; fileRef = 75F3B7041AE9E3D000E65A2E /* LBBadgeView.m */; };
		75F3B7541AE9E3D000E65A2E /* EVCircularProgressView.m in Sources */ = {isa = PBXBuildFile; fileRef = 75F3B7071AE9E3D000E65A2E /* EVCircularProgressView.m */; };
		75F3B7551AE9E3D000E65A2E /* coinAnimationView.m in Sources */ = {isa = PBXBuildFile; fileRef = 75F3B70A1AE9E3D000E65A2E /* coinAnimationView.m */; };
		75F3B7561AE9E3D000E65A2E /* drawCircle.m in Sources */ = {isa = PBXBuildFile; fileRef = 75F3B70D1AE9E3D000E65A2E /* drawCircle.m */; };
		75F3B7571AE9E3D000E65A2E /* DrawLine.m in Sources */ = {isa = PBXBuildFile; fileRef = 75F3B70F1AE9E3D000E65A2E /* DrawLine.m */; };
		75F3B7581AE9E3D000E65A2E /* DrawView.m in Sources */ = {isa = PBXBuildFile; fileRef = 75F3B7111AE9E3D000E65A2E /* DrawView.m */; };
		75F3B7591AE9E3D000E65A2E /* SelectView.m in Sources */ = {isa = PBXBuildFile; fileRef = 75F3B7131AE9E3D000E65A2E /* SelectView.m */; };
		75F3B75A1AE9E3D000E65A2E /* SelectViewItem.m in Sources */ = {isa = PBXBuildFile; fileRef = 75F3B7151AE9E3D000E65A2E /* SelectViewItem.m */; };
		75F3B75B1AE9E3D000E65A2E /* SelectViewItemTextView.m in Sources */ = {isa = PBXBuildFile; fileRef = 75F3B7171AE9E3D000E65A2E /* SelectViewItemTextView.m */; };
		75F3B75C1AE9E3D000E65A2E /* LBFinder.m in Sources */ = {isa = PBXBuildFile; fileRef = 75F3B71A1AE9E3D000E65A2E /* LBFinder.m */; };
		75F3B75D1AE9E3D000E65A2E /* NQFinder.m in Sources */ = {isa = PBXBuildFile; fileRef = 75F3B71C1AE9E3D000E65A2E /* NQFinder.m */; };
		75F3B75E1AE9E3D000E65A2E /* dotView.m in Sources */ = {isa = PBXBuildFile; fileRef = 75F3B71F1AE9E3D000E65A2E /* dotView.m */; };
		75F3B75F1AE9E3D000E65A2E /* LBDotLoadingView.m in Sources */ = {isa = PBXBuildFile; fileRef = 75F3B7211AE9E3D000E65A2E /* LBDotLoadingView.m */; };
		75F3B7601AE9E3D000E65A2E /* LBLoadingView.m in Sources */ = {isa = PBXBuildFile; fileRef = 75F3B7231AE9E3D000E65A2E /* LBLoadingView.m */; };
		75F3B7611AE9E3D000E65A2E /* LBProgressBarView.m in Sources */ = {isa = PBXBuildFile; fileRef = 75F3B7271AE9E3D000E65A2E /* LBProgressBarView.m */; };
		75F3B7621AE9E3D000E65A2E /* LBProgressView.m in Sources */ = {isa = PBXBuildFile; fileRef = 75F3B7291AE9E3D000E65A2E /* LBProgressView.m */; };
		75F3B7631AE9E3D000E65A2E /* LBRandom.m in Sources */ = {isa = PBXBuildFile; fileRef = 75F3B72C1AE9E3D000E65A2E /* LBRandom.m */; };
		75F3B7641AE9E3D000E65A2E /* ScrollImageView.m in Sources */ = {isa = PBXBuildFile; fileRef = 75F3B72F1AE9E3D000E65A2E /* ScrollImageView.m */; };
		75F3B7651AE9E3D000E65A2E /* ScrollView3.m in Sources */ = {isa = PBXBuildFile; fileRef = 75F3B7311AE9E3D000E65A2E /* ScrollView3.m */; };
		75F3B7661AE9E3D000E65A2E /* NSArray+beyondBounds.m in Sources */ = {isa = PBXBuildFile; fileRef = 75F3B7341AE9E3D000E65A2E /* NSArray+beyondBounds.m */; };
		75F3B7671AE9E3D000E65A2E /* NSDate+TimeInterval.m in Sources */ = {isa = PBXBuildFile; fileRef = 75F3B7371AE9E3D000E65A2E /* NSDate+TimeInterval.m */; };
		75F3B7681AE9E3D000E65A2E /* NSDate+Utilities.m in Sources */ = {isa = PBXBuildFile; fileRef = 75F3B7391AE9E3D000E65A2E /* NSDate+Utilities.m */; };
		75F3B7691AE9E3D000E65A2E /* PopoverCell.m in Sources */ = {isa = PBXBuildFile; fileRef = 75F3B73C1AE9E3D000E65A2E /* PopoverCell.m */; };
		75F3B76A1AE9E3D000E65A2E /* PopoverTable.m in Sources */ = {isa = PBXBuildFile; fileRef = 75F3B73E1AE9E3D000E65A2E /* PopoverTable.m */; };
		75F3B76B1AE9E3D000E65A2E /* PopoverView.m in Sources */ = {isa = PBXBuildFile; fileRef = 75F3B7401AE9E3D000E65A2E /* PopoverView.m */; };
		75F3B76C1AE9E3D000E65A2E /* NQSave.m in Sources */ = {isa = PBXBuildFile; fileRef = 75F3B7431AE9E3D000E65A2E /* NQSave.m */; };
		75F3B76D1AE9E3D000E65A2E /* UITextField_custom.m in Sources */ = {isa = PBXBuildFile; fileRef = 75F3B7461AE9E3D000E65A2E /* UITextField_custom.m */; };
		75F3B76E1AE9E3D000E65A2E /* tools.m in Sources */ = {isa = PBXBuildFile; fileRef = 75F3B7491AE9E3D000E65A2E /* tools.m */; };
		75F3B76F1AE9E3D000E65A2E /* UIButton_State.m in Sources */ = {isa = PBXBuildFile; fileRef = 75F3B74C1AE9E3D000E65A2E /* UIButton_State.m */; };
		75F3B7701AE9E3D000E65A2E /* UILabelCenter.m in Sources */ = {isa = PBXBuildFile; fileRef = 75F3B74F1AE9E3D000E65A2E /* UILabelCenter.m */; };
		75F3B7711AE9E3D000E65A2E /* NQTextField.m in Sources */ = {isa = PBXBuildFile; fileRef = 75F3B7521AE9E3D000E65A2E /* NQTextField.m */; };
		75F3B7741AEA1F4D00E65A2E /* ViewController.m in Sources */ = {isa = PBXBuildFile; fileRef = 75F3B7731AEA1F4D00E65A2E /* ViewController.m */; };
		75F553E11AEE02C200771953 /* imageUrlModel.m in Sources */ = {isa = PBXBuildFile; fileRef = 75F553E01AEE02C200771953 /* imageUrlModel.m */; };
		75F6B6EC1AE4CFC30071EBDE /* BaseRequest.m in Sources */ = {isa = PBXBuildFile; fileRef = 75F6B6E91AE4CFC30071EBDE /* BaseRequest.m */; };
		75F6B6ED1AE4CFC30071EBDE /* RequestURL.m in Sources */ = {isa = PBXBuildFile; fileRef = 75F6B6EB1AE4CFC30071EBDE /* RequestURL.m */; };
		75F6B6F31AE4D02D0071EBDE /* LoginRequest.m in Sources */ = {isa = PBXBuildFile; fileRef = 75F6B6F21AE4D02D0071EBDE /* LoginRequest.m */; };
		75F6B6F61AE4D5480071EBDE /* BaseModel.m in Sources */ = {isa = PBXBuildFile; fileRef = 75F6B6F51AE4D5480071EBDE /* BaseModel.m */; };
		75FB5C071ADE2CDE00267D03 /* main.m in Sources */ = {isa = PBXBuildFile; fileRef = 75FB5C061ADE2CDE00267D03 /* main.m */; };
		75FB5C0A1ADE2CDE00267D03 /* AppDelegate.m in Sources */ = {isa = PBXBuildFile; fileRef = 75FB5C091ADE2CDE00267D03 /* AppDelegate.m */; };
		75FB5C101ADE2CDE00267D03 /* Main.storyboard in Resources */ = {isa = PBXBuildFile; fileRef = 75FB5C0E1ADE2CDE00267D03 /* Main.storyboard */; };
		75FB5C121ADE2CDE00267D03 /* Images.xcassets in Resources */ = {isa = PBXBuildFile; fileRef = 75FB5C111ADE2CDE00267D03 /* Images.xcassets */; };
		75FB5C151ADE2CDE00267D03 /* LaunchScreen.xib in Resources */ = {isa = PBXBuildFile; fileRef = 75FB5C131ADE2CDE00267D03 /* LaunchScreen.xib */; };
		75FB5C211ADE2CDE00267D03 /* SecComTests.m in Sources */ = {isa = PBXBuildFile; fileRef = 75FB5C201ADE2CDE00267D03 /* SecComTests.m */; };
		75FB5C3C1ADE383300267D03 /* BaseView.m in Sources */ = {isa = PBXBuildFile; fileRef = 75FB5C3B1ADE383300267D03 /* BaseView.m */; };
		75FB5C3F1ADE384A00267D03 /* BaseViewController.m in Sources */ = {isa = PBXBuildFile; fileRef = 75FB5C3E1ADE384A00267D03 /* BaseViewController.m */; };
		75FB5C5C1ADE50AF00267D03 /* GTMBase64.m in Sources */ = {isa = PBXBuildFile; fileRef = 75FB5C471ADE50AF00267D03 /* GTMBase64.m */; settings = {COMPILER_FLAGS = "-fno-objc-arc"; }; };
		75FB5C5D1ADE50AF00267D03 /* JSONKit.m in Sources */ = {isa = PBXBuildFile; fileRef = 75FB5C4C1ADE50AF00267D03 /* JSONKit.m */; settings = {COMPILER_FLAGS = "-fno-objc-arc"; }; };
		75FB5C5E1ADE50AF00267D03 /* NSObject+SBJSON.m in Sources */ = {isa = PBXBuildFile; fileRef = 75FB5C4E1ADE50AF00267D03 /* NSObject+SBJSON.m */; settings = {COMPILER_FLAGS = "-fno-objc-arc"; }; };
		75FB5C5F1ADE50AF00267D03 /* NSString+SBJSON.m in Sources */ = {isa = PBXBuildFile; fileRef = 75FB5C501ADE50AF00267D03 /* NSString+SBJSON.m */; settings = {COMPILER_FLAGS = "-fno-objc-arc"; }; };
		75FB5C601ADE50AF00267D03 /* SBJsonBase.m in Sources */ = {isa = PBXBuildFile; fileRef = 75FB5C521ADE50AF00267D03 /* SBJsonBase.m */; settings = {COMPILER_FLAGS = "-fno-objc-arc"; }; };
		75FB5C611ADE50AF00267D03 /* SBJsonParser.m in Sources */ = {isa = PBXBuildFile; fileRef = 75FB5C541ADE50AF00267D03 /* SBJsonParser.m */; settings = {COMPILER_FLAGS = "-fno-objc-arc"; }; };
		75FB5C621ADE50AF00267D03 /* SBJsonWriter.m in Sources */ = {isa = PBXBuildFile; fileRef = 75FB5C561ADE50AF00267D03 /* SBJsonWriter.m */; settings = {COMPILER_FLAGS = "-fno-objc-arc"; }; };
		75FB5C631ADE50AF00267D03 /* Reachability.m in Sources */ = {isa = PBXBuildFile; fileRef = 75FB5C591ADE50AF00267D03 /* Reachability.m */; settings = {COMPILER_FLAGS = "-fno-objc-arc"; }; };
		A2F17C5B130CC4059BBC1BC9 /* libPods.a in Frameworks */ = {isa = PBXBuildFile; fileRef = 230F271E6F81F5E57D512406 /* libPods.a */; };
/* End PBXBuildFile section */

/* Begin PBXContainerItemProxy section */
		75FB5C1B1ADE2CDE00267D03 /* PBXContainerItemProxy */ = {
			isa = PBXContainerItemProxy;
			containerPortal = 75FB5BF91ADE2CDE00267D03 /* Project object */;
			proxyType = 1;
			remoteGlobalIDString = 75FB5C001ADE2CDE00267D03;
			remoteInfo = SecCom;
		};
/* End PBXContainerItemProxy section */

/* Begin PBXFileReference section */
		185FD17E1AE64D6500A19BDE /* LoginVC.h */ = {isa = PBXFileReference; fileEncoding = 4; lastKnownFileType = sourcecode.c.h; path = LoginVC.h; sourceTree = "<group>"; };
		185FD17F1AE64D6500A19BDE /* LoginVC.m */ = {isa = PBXFileReference; fileEncoding = 4; lastKnownFileType = sourcecode.c.objc; path = LoginVC.m; sourceTree = "<group>"; };
		185FD1801AE64D6500A19BDE /* LoginVC.xib */ = {isa = PBXFileReference; fileEncoding = 4; lastKnownFileType = file.xib; path = LoginVC.xib; sourceTree = "<group>"; };
		185FD1831AE64E7300A19BDE /* LeftVC.h */ = {isa = PBXFileReference; fileEncoding = 4; lastKnownFileType = sourcecode.c.h; path = LeftVC.h; sourceTree = "<group>"; };
		185FD1841AE64E7300A19BDE /* LeftVC.m */ = {isa = PBXFileReference; fileEncoding = 4; lastKnownFileType = sourcecode.c.objc; path = LeftVC.m; sourceTree = "<group>"; };
		185FD1851AE64E7300A19BDE /* LeftVC.xib */ = {isa = PBXFileReference; fileEncoding = 4; lastKnownFileType = file.xib; path = LeftVC.xib; sourceTree = "<group>"; };
		185FD18D1AE6590500A19BDE /* HomeViewController.h */ = {isa = PBXFileReference; fileEncoding = 4; lastKnownFileType = sourcecode.c.h; path = HomeViewController.h; sourceTree = "<group>"; };
		185FD18E1AE6590500A19BDE /* HomeViewController.m */ = {isa = PBXFileReference; fileEncoding = 4; lastKnownFileType = sourcecode.c.objc; path = HomeViewController.m; sourceTree = "<group>"; };
		185FD18F1AE6590500A19BDE /* HomeViewController.xib */ = {isa = PBXFileReference; fileEncoding = 4; lastKnownFileType = file.xib; path = HomeViewController.xib; sourceTree = "<group>"; };
		1D83F6B07CDF56EEC2243FB8 /* Pods.release.xcconfig */ = {isa = PBXFileReference; includeInIndex = 1; lastKnownFileType = text.xcconfig; name = Pods.release.xcconfig; path = "Pods/Target Support Files/Pods/Pods.release.xcconfig"; sourceTree = "<group>"; };
		230F271E6F81F5E57D512406 /* libPods.a */ = {isa = PBXFileReference; explicitFileType = archive.ar; includeInIndex = 0; path = libPods.a; sourceTree = BUILT_PRODUCTS_DIR; };
		7528AFCE1AE73E2C00250D08 /* AppListAllRequest.h */ = {isa = PBXFileReference; fileEncoding = 4; lastKnownFileType = sourcecode.c.h; path = AppListAllRequest.h; sourceTree = "<group>"; };
		7528AFCF1AE73E2C00250D08 /* AppListAllRequest.m */ = {isa = PBXFileReference; fileEncoding = 4; lastKnownFileType = sourcecode.c.objc; path = AppListAllRequest.m; sourceTree = "<group>"; };
		7528AFD01AE73E2C00250D08 /* AppListInstalledRequest.h */ = {isa = PBXFileReference; fileEncoding = 4; lastKnownFileType = sourcecode.c.h; path = AppListInstalledRequest.h; sourceTree = "<group>"; };
		7528AFD11AE73E2C00250D08 /* AppListInstalledRequest.m */ = {isa = PBXFileReference; fileEncoding = 4; lastKnownFileType = sourcecode.c.objc; path = AppListInstalledRequest.m; sourceTree = "<group>"; };
		7528AFD21AE73E2C00250D08 /* ApplistUnInstalledRequest.h */ = {isa = PBXFileReference; fileEncoding = 4; lastKnownFileType = sourcecode.c.h; path = ApplistUnInstalledRequest.h; sourceTree = "<group>"; };
		7528AFD31AE73E2C00250D08 /* ApplistUnInstalledRequest.m */ = {isa = PBXFileReference; fileEncoding = 4; lastKnownFileType = sourcecode.c.objc; path = ApplistUnInstalledRequest.m; sourceTree = "<group>"; };
		7528AFD41AE73E2C00250D08 /* AppDetailRequest.h */ = {isa = PBXFileReference; fileEncoding = 4; lastKnownFileType = sourcecode.c.h; path = AppDetailRequest.h; sourceTree = "<group>"; };
		7528AFD51AE73E2C00250D08 /* AppDetailRequest.m */ = {isa = PBXFileReference; fileEncoding = 4; lastKnownFileType = sourcecode.c.objc; path = AppDetailRequest.m; sourceTree = "<group>"; };
		7528AFDA1AE73E6200250D08 /* AppModel.h */ = {isa = PBXFileReference; fileEncoding = 4; lastKnownFileType = sourcecode.c.h; path = AppModel.h; sourceTree = "<group>"; };
		7528AFDB1AE73E6200250D08 /* AppModel.m */ = {isa = PBXFileReference; fileEncoding = 4; lastKnownFileType = sourcecode.c.objc; path = AppModel.m; sourceTree = "<group>"; };
		7528AFDC1AE73E6200250D08 /* UserModel.h */ = {isa = PBXFileReference; fileEncoding = 4; lastKnownFileType = sourcecode.c.h; path = UserModel.h; sourceTree = "<group>"; };
		7528AFDD1AE73E6200250D08 /* UserModel.m */ = {isa = PBXFileReference; fileEncoding = 4; lastKnownFileType = sourcecode.c.objc; path = UserModel.m; sourceTree = "<group>"; };
		7528AFE11AE73E9A00250D08 /* AppDetailVC.h */ = {isa = PBXFileReference; fileEncoding = 4; lastKnownFileType = sourcecode.c.h; path = AppDetailVC.h; sourceTree = "<group>"; };
		7528AFE21AE73E9A00250D08 /* AppDetailVC.m */ = {isa = PBXFileReference; fileEncoding = 4; lastKnownFileType = sourcecode.c.objc; path = AppDetailVC.m; sourceTree = "<group>"; };
		7528AFE31AE73E9A00250D08 /* AppDetailVC.xib */ = {isa = PBXFileReference; fileEncoding = 4; lastKnownFileType = file.xib; path = AppDetailVC.xib; sourceTree = "<group>"; };
		7528AFE51AE73E9A00250D08 /* ApplistAll.h */ = {isa = PBXFileReference; fileEncoding = 4; lastKnownFileType = sourcecode.c.h; path = ApplistAll.h; sourceTree = "<group>"; };
		7528AFE61AE73E9A00250D08 /* ApplistAll.m */ = {isa = PBXFileReference; fileEncoding = 4; lastKnownFileType = sourcecode.c.objc; path = ApplistAll.m; sourceTree = "<group>"; };
		7528AFE71AE73E9A00250D08 /* ApplistAll.xib */ = {isa = PBXFileReference; fileEncoding = 4; lastKnownFileType = file.xib; path = ApplistAll.xib; sourceTree = "<group>"; };
		7528AFE81AE73E9A00250D08 /* AppListInstalled.h */ = {isa = PBXFileReference; fileEncoding = 4; lastKnownFileType = sourcecode.c.h; path = AppListInstalled.h; sourceTree = "<group>"; };
		7528AFE91AE73E9A00250D08 /* AppListInstalled.m */ = {isa = PBXFileReference; fileEncoding = 4; lastKnownFileType = sourcecode.c.objc; path = AppListInstalled.m; sourceTree = "<group>"; };
		7528AFEA1AE73E9A00250D08 /* AppListInstalled.xib */ = {isa = PBXFileReference; fileEncoding = 4; lastKnownFileType = file.xib; path = AppListInstalled.xib; sourceTree = "<group>"; };
		7528AFEB1AE73E9A00250D08 /* AppListUnInstalled.h */ = {isa = PBXFileReference; fileEncoding = 4; lastKnownFileType = sourcecode.c.h; path = AppListUnInstalled.h; sourceTree = "<group>"; };
		7528AFEC1AE73E9A00250D08 /* AppListUnInstalled.m */ = {isa = PBXFileReference; fileEncoding = 4; lastKnownFileType = sourcecode.c.objc; path = AppListUnInstalled.m; sourceTree = "<group>"; };
		7528AFED1AE73E9A00250D08 /* AppListUnInstalled.xib */ = {isa = PBXFileReference; fileEncoding = 4; lastKnownFileType = file.xib; path = AppListUnInstalled.xib; sourceTree = "<group>"; };
		7528AFEE1AE73E9A00250D08 /* AppListVC.h */ = {isa = PBXFileReference; fileEncoding = 4; lastKnownFileType = sourcecode.c.h; path = AppListVC.h; sourceTree = "<group>"; };
		7528AFEF1AE73E9A00250D08 /* AppListVC.m */ = {isa = PBXFileReference; fileEncoding = 4; lastKnownFileType = sourcecode.c.objc; path = AppListVC.m; sourceTree = "<group>"; };
		7528AFF01AE73E9A00250D08 /* AppListVC.xib */ = {isa = PBXFileReference; fileEncoding = 4; lastKnownFileType = file.xib; path = AppListVC.xib; sourceTree = "<group>"; };
		7528AFF21AE73E9A00250D08 /* SettingVC.h */ = {isa = PBXFileReference; fileEncoding = 4; lastKnownFileType = sourcecode.c.h; path = SettingVC.h; sourceTree = "<group>"; };
		7528AFF31AE73E9A00250D08 /* SettingVC.m */ = {isa = PBXFileReference; fileEncoding = 4; lastKnownFileType = sourcecode.c.objc; path = SettingVC.m; sourceTree = "<group>"; };
		7528AFF41AE73E9A00250D08 /* SettingVC.xib */ = {isa = PBXFileReference; fileEncoding = 4; lastKnownFileType = file.xib; path = SettingVC.xib; sourceTree = "<group>"; };
		7528B0011AE7767700250D08 /* UserInfoRequest.h */ = {isa = PBXFileReference; fileEncoding = 4; lastKnownFileType = sourcecode.c.h; path = UserInfoRequest.h; sourceTree = "<group>"; };
		7528B0021AE7767700250D08 /* UserInfoRequest.m */ = {isa = PBXFileReference; fileEncoding = 4; lastKnownFileType = sourcecode.c.objc; path = UserInfoRequest.m; sourceTree = "<group>"; };
		7528B0041AE77C4000250D08 /* AppListCell.h */ = {isa = PBXFileReference; fileEncoding = 4; lastKnownFileType = sourcecode.c.h; path = AppListCell.h; sourceTree = "<group>"; };
		7528B0051AE77C4000250D08 /* AppListCell.m */ = {isa = PBXFileReference; fileEncoding = 4; lastKnownFileType = sourcecode.c.objc; path = AppListCell.m; sourceTree = "<group>"; };
		7528B0061AE77C4000250D08 /* AppListCell.xib */ = {isa = PBXFileReference; fileEncoding = 4; lastKnownFileType = file.xib; path = AppListCell.xib; sourceTree = "<group>"; };
		755A799D1ADFBC1E00046777 /* SlideBaseVC.h */ = {isa = PBXFileReference; fileEncoding = 4; lastKnownFileType = sourcecode.c.h; path = SlideBaseVC.h; sourceTree = "<group>"; };
		755A799E1ADFBC1E00046777 /* SlideBaseVC.m */ = {isa = PBXFileReference; fileEncoding = 4; lastKnownFileType = sourcecode.c.objc; path = SlideBaseVC.m; sourceTree = "<group>"; };
		75EDC9EC1ADF83B800D5A069 /* Header.h */ = {isa = PBXFileReference; lastKnownFileType = sourcecode.c.h; path = Header.h; sourceTree = "<group>"; };
		75EDC9F01ADFA99900D5A069 /* SlideNavigationContorllerAnimator.h */ = {isa = PBXFileReference; fileEncoding = 4; lastKnownFileType = sourcecode.c.h; path = SlideNavigationContorllerAnimator.h; sourceTree = "<group>"; };
		75EDC9F11ADFA99900D5A069 /* SlideNavigationContorllerAnimatorFade.h */ = {isa = PBXFileReference; fileEncoding = 4; lastKnownFileType = sourcecode.c.h; path = SlideNavigationContorllerAnimatorFade.h; sourceTree = "<group>"; };
		75EDC9F21ADFA99900D5A069 /* SlideNavigationContorllerAnimatorFade.m */ = {isa = PBXFileReference; fileEncoding = 4; lastKnownFileType = sourcecode.c.objc; path = SlideNavigationContorllerAnimatorFade.m; sourceTree = "<group>"; };
		75EDC9F31ADFA99900D5A069 /* SlideNavigationContorllerAnimatorScale.h */ = {isa = PBXFileReference; fileEncoding = 4; lastKnownFileType = sourcecode.c.h; path = SlideNavigationContorllerAnimatorScale.h; sourceTree = "<group>"; };
		75EDC9F41ADFA99900D5A069 /* SlideNavigationContorllerAnimatorScale.m */ = {isa = PBXFileReference; fileEncoding = 4; lastKnownFileType = sourcecode.c.objc; path = SlideNavigationContorllerAnimatorScale.m; sourceTree = "<group>"; };
		75EDC9F51ADFA99900D5A069 /* SlideNavigationContorllerAnimatorScaleAndFade.h */ = {isa = PBXFileReference; fileEncoding = 4; lastKnownFileType = sourcecode.c.h; path = SlideNavigationContorllerAnimatorScaleAndFade.h; sourceTree = "<group>"; };
		75EDC9F61ADFA99900D5A069 /* SlideNavigationContorllerAnimatorScaleAndFade.m */ = {isa = PBXFileReference; fileEncoding = 4; lastKnownFileType = sourcecode.c.objc; path = SlideNavigationContorllerAnimatorScaleAndFade.m; sourceTree = "<group>"; };
		75EDC9F71ADFA99900D5A069 /* SlideNavigationContorllerAnimatorSlide.h */ = {isa = PBXFileReference; fileEncoding = 4; lastKnownFileType = sourcecode.c.h; path = SlideNavigationContorllerAnimatorSlide.h; sourceTree = "<group>"; };
		75EDC9F81ADFA99900D5A069 /* SlideNavigationContorllerAnimatorSlide.m */ = {isa = PBXFileReference; fileEncoding = 4; lastKnownFileType = sourcecode.c.objc; path = SlideNavigationContorllerAnimatorSlide.m; sourceTree = "<group>"; };
		75EDC9F91ADFA99900D5A069 /* SlideNavigationContorllerAnimatorSlideAndFade.h */ = {isa = PBXFileReference; fileEncoding = 4; lastKnownFileType = sourcecode.c.h; path = SlideNavigationContorllerAnimatorSlideAndFade.h; sourceTree = "<group>"; };
		75EDC9FA1ADFA99900D5A069 /* SlideNavigationContorllerAnimatorSlideAndFade.m */ = {isa = PBXFileReference; fileEncoding = 4; lastKnownFileType = sourcecode.c.objc; path = SlideNavigationContorllerAnimatorSlideAndFade.m; sourceTree = "<group>"; };
		75EDC9FC1ADFA99900D5A069 /* menu-button.png */ = {isa = PBXFileReference; lastKnownFileType = image.png; path = "menu-button.png"; sourceTree = "<group>"; };
		75EDC9FD1ADFA99900D5A069 /* menu-button@2x.png */ = {isa = PBXFileReference; lastKnownFileType = image.png; path = "menu-button@2x.png"; sourceTree = "<group>"; };
		75EDC9FE1ADFA99900D5A069 /* SlideNavigationController.h */ = {isa = PBXFileReference; fileEncoding = 4; lastKnownFileType = sourcecode.c.h; path = SlideNavigationController.h; sourceTree = "<group>"; };
		75EDC9FF1ADFA99900D5A069 /* SlideNavigationController.m */ = {isa = PBXFileReference; fileEncoding = 4; lastKnownFileType = sourcecode.c.objc; path = SlideNavigationController.m; sourceTree = "<group>"; };
		75F3B6FE1AE9E16C00E65A2E /* responseModel.h */ = {isa = PBXFileReference; fileEncoding = 4; lastKnownFileType = sourcecode.c.h; path = responseModel.h; sourceTree = "<group>"; };
		75F3B6FF1AE9E16C00E65A2E /* responseModel.m */ = {isa = PBXFileReference; fileEncoding = 4; lastKnownFileType = sourcecode.c.objc; path = responseModel.m; sourceTree = "<group>"; };
		75F3B7031AE9E3D000E65A2E /* LBBadgeView.h */ = {isa = PBXFileReference; fileEncoding = 4; lastKnownFileType = sourcecode.c.h; path = LBBadgeView.h; sourceTree = "<group>"; };
		75F3B7041AE9E3D000E65A2E /* LBBadgeView.m */ = {isa = PBXFileReference; fileEncoding = 4; lastKnownFileType = sourcecode.c.objc; path = LBBadgeView.m; sourceTree = "<group>"; };
		75F3B7061AE9E3D000E65A2E /* EVCircularProgressView.h */ = {isa = PBXFileReference; fileEncoding = 4; lastKnownFileType = sourcecode.c.h; path = EVCircularProgressView.h; sourceTree = "<group>"; };
		75F3B7071AE9E3D000E65A2E /* EVCircularProgressView.m */ = {isa = PBXFileReference; fileEncoding = 4; lastKnownFileType = sourcecode.c.objc; path = EVCircularProgressView.m; sourceTree = "<group>"; };
		75F3B7091AE9E3D000E65A2E /* coinAnimationView.h */ = {isa = PBXFileReference; fileEncoding = 4; lastKnownFileType = sourcecode.c.h; path = coinAnimationView.h; sourceTree = "<group>"; };
		75F3B70A1AE9E3D000E65A2E /* coinAnimationView.m */ = {isa = PBXFileReference; fileEncoding = 4; lastKnownFileType = sourcecode.c.objc; path = coinAnimationView.m; sourceTree = "<group>"; };
		75F3B70C1AE9E3D000E65A2E /* drawCircle.h */ = {isa = PBXFileReference; fileEncoding = 4; lastKnownFileType = sourcecode.c.h; path = drawCircle.h; sourceTree = "<group>"; };
		75F3B70D1AE9E3D000E65A2E /* drawCircle.m */ = {isa = PBXFileReference; fileEncoding = 4; lastKnownFileType = sourcecode.c.objc; path = drawCircle.m; sourceTree = "<group>"; };
		75F3B70E1AE9E3D000E65A2E /* DrawLine.h */ = {isa = PBXFileReference; fileEncoding = 4; lastKnownFileType = sourcecode.c.h; path = DrawLine.h; sourceTree = "<group>"; };
		75F3B70F1AE9E3D000E65A2E /* DrawLine.m */ = {isa = PBXFileReference; fileEncoding = 4; lastKnownFileType = sourcecode.c.objc; path = DrawLine.m; sourceTree = "<group>"; };
		75F3B7101AE9E3D000E65A2E /* DrawView.h */ = {isa = PBXFileReference; fileEncoding = 4; lastKnownFileType = sourcecode.c.h; path = DrawView.h; sourceTree = "<group>"; };
		75F3B7111AE9E3D000E65A2E /* DrawView.m */ = {isa = PBXFileReference; fileEncoding = 4; lastKnownFileType = sourcecode.c.objc; path = DrawView.m; sourceTree = "<group>"; };
		75F3B7121AE9E3D000E65A2E /* SelectView.h */ = {isa = PBXFileReference; fileEncoding = 4; lastKnownFileType = sourcecode.c.h; path = SelectView.h; sourceTree = "<group>"; };
		75F3B7131AE9E3D000E65A2E /* SelectView.m */ = {isa = PBXFileReference; fileEncoding = 4; lastKnownFileType = sourcecode.c.objc; path = SelectView.m; sourceTree = "<group>"; };
		75F3B7141AE9E3D000E65A2E /* SelectViewItem.h */ = {isa = PBXFileReference; fileEncoding = 4; lastKnownFileType = sourcecode.c.h; path = SelectViewItem.h; sourceTree = "<group>"; };
		75F3B7151AE9E3D000E65A2E /* SelectViewItem.m */ = {isa = PBXFileReference; fileEncoding = 4; lastKnownFileType = sourcecode.c.objc; path = SelectViewItem.m; sourceTree = "<group>"; };
		75F3B7161AE9E3D000E65A2E /* SelectViewItemTextView.h */ = {isa = PBXFileReference; fileEncoding = 4; lastKnownFileType = sourcecode.c.h; path = SelectViewItemTextView.h; sourceTree = "<group>"; };
		75F3B7171AE9E3D000E65A2E /* SelectViewItemTextView.m */ = {isa = PBXFileReference; fileEncoding = 4; lastKnownFileType = sourcecode.c.objc; path = SelectViewItemTextView.m; sourceTree = "<group>"; };
		75F3B7191AE9E3D000E65A2E /* LBFinder.h */ = {isa = PBXFileReference; fileEncoding = 4; lastKnownFileType = sourcecode.c.h; path = LBFinder.h; sourceTree = "<group>"; };
		75F3B71A1AE9E3D000E65A2E /* LBFinder.m */ = {isa = PBXFileReference; fileEncoding = 4; lastKnownFileType = sourcecode.c.objc; path = LBFinder.m; sourceTree = "<group>"; };
		75F3B71B1AE9E3D000E65A2E /* NQFinder.h */ = {isa = PBXFileReference; fileEncoding = 4; lastKnownFileType = sourcecode.c.h; path = NQFinder.h; sourceTree = "<group>"; };
		75F3B71C1AE9E3D000E65A2E /* NQFinder.m */ = {isa = PBXFileReference; fileEncoding = 4; lastKnownFileType = sourcecode.c.objc; path = NQFinder.m; sourceTree = "<group>"; };
		75F3B71E1AE9E3D000E65A2E /* dotView.h */ = {isa = PBXFileReference; fileEncoding = 4; lastKnownFileType = sourcecode.c.h; path = dotView.h; sourceTree = "<group>"; };
		75F3B71F1AE9E3D000E65A2E /* dotView.m */ = {isa = PBXFileReference; fileEncoding = 4; lastKnownFileType = sourcecode.c.objc; path = dotView.m; sourceTree = "<group>"; };
		75F3B7201AE9E3D000E65A2E /* LBDotLoadingView.h */ = {isa = PBXFileReference; fileEncoding = 4; lastKnownFileType = sourcecode.c.h; path = LBDotLoadingView.h; sourceTree = "<group>"; };
		75F3B7211AE9E3D000E65A2E /* LBDotLoadingView.m */ = {isa = PBXFileReference; fileEncoding = 4; lastKnownFileType = sourcecode.c.objc; path = LBDotLoadingView.m; sourceTree = "<group>"; };
		75F3B7221AE9E3D000E65A2E /* LBLoadingView.h */ = {isa = PBXFileReference; fileEncoding = 4; lastKnownFileType = sourcecode.c.h; path = LBLoadingView.h; sourceTree = "<group>"; };
		75F3B7231AE9E3D000E65A2E /* LBLoadingView.m */ = {isa = PBXFileReference; fileEncoding = 4; lastKnownFileType = sourcecode.c.objc; path = LBLoadingView.m; sourceTree = "<group>"; };
		75F3B7261AE9E3D000E65A2E /* LBProgressBarView.h */ = {isa = PBXFileReference; fileEncoding = 4; lastKnownFileType = sourcecode.c.h; path = LBProgressBarView.h; sourceTree = "<group>"; };
		75F3B7271AE9E3D000E65A2E /* LBProgressBarView.m */ = {isa = PBXFileReference; fileEncoding = 4; lastKnownFileType = sourcecode.c.objc; path = LBProgressBarView.m; sourceTree = "<group>"; };
		75F3B7281AE9E3D000E65A2E /* LBProgressView.h */ = {isa = PBXFileReference; fileEncoding = 4; lastKnownFileType = sourcecode.c.h; path = LBProgressView.h; sourceTree = "<group>"; };
		75F3B7291AE9E3D000E65A2E /* LBProgressView.m */ = {isa = PBXFileReference; fileEncoding = 4; lastKnownFileType = sourcecode.c.objc; path = LBProgressView.m; sourceTree = "<group>"; };
		75F3B72B1AE9E3D000E65A2E /* LBRandom.h */ = {isa = PBXFileReference; fileEncoding = 4; lastKnownFileType = sourcecode.c.h; path = LBRandom.h; sourceTree = "<group>"; };
		75F3B72C1AE9E3D000E65A2E /* LBRandom.m */ = {isa = PBXFileReference; fileEncoding = 4; lastKnownFileType = sourcecode.c.objc; path = LBRandom.m; sourceTree = "<group>"; };
		75F3B72E1AE9E3D000E65A2E /* ScrollImageView.h */ = {isa = PBXFileReference; fileEncoding = 4; lastKnownFileType = sourcecode.c.h; path = ScrollImageView.h; sourceTree = "<group>"; };
		75F3B72F1AE9E3D000E65A2E /* ScrollImageView.m */ = {isa = PBXFileReference; fileEncoding = 4; lastKnownFileType = sourcecode.c.objc; path = ScrollImageView.m; sourceTree = "<group>"; };
		75F3B7301AE9E3D000E65A2E /* ScrollView3.h */ = {isa = PBXFileReference; fileEncoding = 4; lastKnownFileType = sourcecode.c.h; path = ScrollView3.h; sourceTree = "<group>"; };
		75F3B7311AE9E3D000E65A2E /* ScrollView3.m */ = {isa = PBXFileReference; fileEncoding = 4; lastKnownFileType = sourcecode.c.objc; path = ScrollView3.m; sourceTree = "<group>"; };
		75F3B7331AE9E3D000E65A2E /* NSArray+beyondBounds.h */ = {isa = PBXFileReference; fileEncoding = 4; lastKnownFileType = sourcecode.c.h; path = "NSArray+beyondBounds.h"; sourceTree = "<group>"; };
		75F3B7341AE9E3D000E65A2E /* NSArray+beyondBounds.m */ = {isa = PBXFileReference; fileEncoding = 4; lastKnownFileType = sourcecode.c.objc; path = "NSArray+beyondBounds.m"; sourceTree = "<group>"; };
		75F3B7361AE9E3D000E65A2E /* NSDate+TimeInterval.h */ = {isa = PBXFileReference; fileEncoding = 4; lastKnownFileType = sourcecode.c.h; path = "NSDate+TimeInterval.h"; sourceTree = "<group>"; };
		75F3B7371AE9E3D000E65A2E /* NSDate+TimeInterval.m */ = {isa = PBXFileReference; fileEncoding = 4; lastKnownFileType = sourcecode.c.objc; path = "NSDate+TimeInterval.m"; sourceTree = "<group>"; };
		75F3B7381AE9E3D000E65A2E /* NSDate+Utilities.h */ = {isa = PBXFileReference; fileEncoding = 4; lastKnownFileType = sourcecode.c.h; path = "NSDate+Utilities.h"; sourceTree = "<group>"; };
		75F3B7391AE9E3D000E65A2E /* NSDate+Utilities.m */ = {isa = PBXFileReference; fileEncoding = 4; lastKnownFileType = sourcecode.c.objc; path = "NSDate+Utilities.m"; sourceTree = "<group>"; };
		75F3B73B1AE9E3D000E65A2E /* PopoverCell.h */ = {isa = PBXFileReference; fileEncoding = 4; lastKnownFileType = sourcecode.c.h; path = PopoverCell.h; sourceTree = "<group>"; };
		75F3B73C1AE9E3D000E65A2E /* PopoverCell.m */ = {isa = PBXFileReference; fileEncoding = 4; lastKnownFileType = sourcecode.c.objc; path = PopoverCell.m; sourceTree = "<group>"; };
		75F3B73D1AE9E3D000E65A2E /* PopoverTable.h */ = {isa = PBXFileReference; fileEncoding = 4; lastKnownFileType = sourcecode.c.h; path = PopoverTable.h; sourceTree = "<group>"; };
		75F3B73E1AE9E3D000E65A2E /* PopoverTable.m */ = {isa = PBXFileReference; fileEncoding = 4; lastKnownFileType = sourcecode.c.objc; path = PopoverTable.m; sourceTree = "<group>"; };
		75F3B73F1AE9E3D000E65A2E /* PopoverView.h */ = {isa = PBXFileReference; fileEncoding = 4; lastKnownFileType = sourcecode.c.h; path = PopoverView.h; sourceTree = "<group>"; };
		75F3B7401AE9E3D000E65A2E /* PopoverView.m */ = {isa = PBXFileReference; fileEncoding = 4; lastKnownFileType = sourcecode.c.objc; path = PopoverView.m; sourceTree = "<group>"; };
		75F3B7421AE9E3D000E65A2E /* NQSave.h */ = {isa = PBXFileReference; fileEncoding = 4; lastKnownFileType = sourcecode.c.h; path = NQSave.h; sourceTree = "<group>"; };
		75F3B7431AE9E3D000E65A2E /* NQSave.m */ = {isa = PBXFileReference; fileEncoding = 4; lastKnownFileType = sourcecode.c.objc; path = NQSave.m; sourceTree = "<group>"; };
		75F3B7451AE9E3D000E65A2E /* UITextField_custom.h */ = {isa = PBXFileReference; fileEncoding = 4; lastKnownFileType = sourcecode.c.h; path = UITextField_custom.h; sourceTree = "<group>"; };
		75F3B7461AE9E3D000E65A2E /* UITextField_custom.m */ = {isa = PBXFileReference; fileEncoding = 4; lastKnownFileType = sourcecode.c.objc; path = UITextField_custom.m; sourceTree = "<group>"; };
		75F3B7481AE9E3D000E65A2E /* tools.h */ = {isa = PBXFileReference; fileEncoding = 4; lastKnownFileType = sourcecode.c.h; path = tools.h; sourceTree = "<group>"; };
		75F3B7491AE9E3D000E65A2E /* tools.m */ = {isa = PBXFileReference; fileEncoding = 4; lastKnownFileType = sourcecode.c.objc; path = tools.m; sourceTree = "<group>"; };
		75F3B74B1AE9E3D000E65A2E /* UIButton_State.h */ = {isa = PBXFileReference; fileEncoding = 4; lastKnownFileType = sourcecode.c.h; path = UIButton_State.h; sourceTree = "<group>"; };
		75F3B74C1AE9E3D000E65A2E /* UIButton_State.m */ = {isa = PBXFileReference; fileEncoding = 4; lastKnownFileType = sourcecode.c.objc; path = UIButton_State.m; sourceTree = "<group>"; };
		75F3B74E1AE9E3D000E65A2E /* UILabelCenter.h */ = {isa = PBXFileReference; fileEncoding = 4; lastKnownFileType = sourcecode.c.h; path = UILabelCenter.h; sourceTree = "<group>"; };
		75F3B74F1AE9E3D000E65A2E /* UILabelCenter.m */ = {isa = PBXFileReference; fileEncoding = 4; lastKnownFileType = sourcecode.c.objc; path = UILabelCenter.m; sourceTree = "<group>"; };
		75F3B7511AE9E3D000E65A2E /* NQTextField.h */ = {isa = PBXFileReference; fileEncoding = 4; lastKnownFileType = sourcecode.c.h; path = NQTextField.h; sourceTree = "<group>"; };
		75F3B7521AE9E3D000E65A2E /* NQTextField.m */ = {isa = PBXFileReference; fileEncoding = 4; lastKnownFileType = sourcecode.c.objc; path = NQTextField.m; sourceTree = "<group>"; };
		75F3B7721AEA1F4D00E65A2E /* ViewController.h */ = {isa = PBXFileReference; fileEncoding = 4; lastKnownFileType = sourcecode.c.h; path = ViewController.h; sourceTree = "<group>"; };
		75F3B7731AEA1F4D00E65A2E /* ViewController.m */ = {isa = PBXFileReference; fileEncoding = 4; lastKnownFileType = sourcecode.c.objc; path = ViewController.m; sourceTree = "<group>"; };
		75F553DF1AEE02C200771953 /* imageUrlModel.h */ = {isa = PBXFileReference; fileEncoding = 4; lastKnownFileType = sourcecode.c.h; path = imageUrlModel.h; sourceTree = "<group>"; };
		75F553E01AEE02C200771953 /* imageUrlModel.m */ = {isa = PBXFileReference; fileEncoding = 4; lastKnownFileType = sourcecode.c.objc; path = imageUrlModel.m; sourceTree = "<group>"; };
		75F6B6E81AE4CFC30071EBDE /* BaseRequest.h */ = {isa = PBXFileReference; fileEncoding = 4; lastKnownFileType = sourcecode.c.h; path = BaseRequest.h; sourceTree = "<group>"; };
		75F6B6E91AE4CFC30071EBDE /* BaseRequest.m */ = {isa = PBXFileReference; fileEncoding = 4; lastKnownFileType = sourcecode.c.objc; path = BaseRequest.m; sourceTree = "<group>"; };
		75F6B6EA1AE4CFC30071EBDE /* RequestURL.h */ = {isa = PBXFileReference; fileEncoding = 4; lastKnownFileType = sourcecode.c.h; path = RequestURL.h; sourceTree = "<group>"; };
		75F6B6EB1AE4CFC30071EBDE /* RequestURL.m */ = {isa = PBXFileReference; fileEncoding = 4; lastKnownFileType = sourcecode.c.objc; path = RequestURL.m; sourceTree = "<group>"; };
		75F6B6F11AE4D02D0071EBDE /* LoginRequest.h */ = {isa = PBXFileReference; fileEncoding = 4; lastKnownFileType = sourcecode.c.h; path = LoginRequest.h; sourceTree = "<group>"; };
		75F6B6F21AE4D02D0071EBDE /* LoginRequest.m */ = {isa = PBXFileReference; fileEncoding = 4; lastKnownFileType = sourcecode.c.objc; path = LoginRequest.m; sourceTree = "<group>"; };
		75F6B6F41AE4D5480071EBDE /* BaseModel.h */ = {isa = PBXFileReference; fileEncoding = 4; lastKnownFileType = sourcecode.c.h; path = BaseModel.h; sourceTree = "<group>"; };
		75F6B6F51AE4D5480071EBDE /* BaseModel.m */ = {isa = PBXFileReference; fileEncoding = 4; lastKnownFileType = sourcecode.c.objc; path = BaseModel.m; sourceTree = "<group>"; };
		75FB5C011ADE2CDE00267D03 /* SecCom.app */ = {isa = PBXFileReference; explicitFileType = wrapper.application; includeInIndex = 0; path = SecCom.app; sourceTree = BUILT_PRODUCTS_DIR; };
		75FB5C051ADE2CDE00267D03 /* Info.plist */ = {isa = PBXFileReference; lastKnownFileType = text.plist.xml; path = Info.plist; sourceTree = "<group>"; };
		75FB5C061ADE2CDE00267D03 /* main.m */ = {isa = PBXFileReference; lastKnownFileType = sourcecode.c.objc; path = main.m; sourceTree = "<group>"; };
		75FB5C081ADE2CDE00267D03 /* AppDelegate.h */ = {isa = PBXFileReference; lastKnownFileType = sourcecode.c.h; path = AppDelegate.h; sourceTree = "<group>"; };
		75FB5C091ADE2CDE00267D03 /* AppDelegate.m */ = {isa = PBXFileReference; lastKnownFileType = sourcecode.c.objc; path = AppDelegate.m; sourceTree = "<group>"; };
		75FB5C0F1ADE2CDE00267D03 /* Base */ = {isa = PBXFileReference; lastKnownFileType = file.storyboard; name = Base; path = Base.lproj/Main.storyboard; sourceTree = "<group>"; };
		75FB5C111ADE2CDE00267D03 /* Images.xcassets */ = {isa = PBXFileReference; lastKnownFileType = folder.assetcatalog; path = Images.xcassets; sourceTree = "<group>"; };
		75FB5C141ADE2CDE00267D03 /* Base */ = {isa = PBXFileReference; lastKnownFileType = file.xib; name = Base; path = Base.lproj/LaunchScreen.xib; sourceTree = "<group>"; };
		75FB5C1A1ADE2CDE00267D03 /* SecComTests.xctest */ = {isa = PBXFileReference; explicitFileType = wrapper.cfbundle; includeInIndex = 0; path = SecComTests.xctest; sourceTree = BUILT_PRODUCTS_DIR; };
		75FB5C1F1ADE2CDE00267D03 /* Info.plist */ = {isa = PBXFileReference; lastKnownFileType = text.plist.xml; path = Info.plist; sourceTree = "<group>"; };
		75FB5C201ADE2CDE00267D03 /* SecComTests.m */ = {isa = PBXFileReference; lastKnownFileType = sourcecode.c.objc; path = SecComTests.m; sourceTree = "<group>"; };
		75FB5C311ADE373700267D03 /* AppMacro.h */ = {isa = PBXFileReference; fileEncoding = 4; lastKnownFileType = sourcecode.c.h; path = AppMacro.h; sourceTree = "<group>"; };
		75FB5C321ADE373700267D03 /* NotificationMacro.h */ = {isa = PBXFileReference; fileEncoding = 4; lastKnownFileType = sourcecode.c.h; path = NotificationMacro.h; sourceTree = "<group>"; };
		75FB5C331ADE373700267D03 /* UtilsMacro.h */ = {isa = PBXFileReference; fileEncoding = 4; lastKnownFileType = sourcecode.c.h; path = UtilsMacro.h; sourceTree = "<group>"; };
		75FB5C341ADE373700267D03 /* VendorMacro.h */ = {isa = PBXFileReference; fileEncoding = 4; lastKnownFileType = sourcecode.c.h; path = VendorMacro.h; sourceTree = "<group>"; };
		75FB5C3A1ADE383300267D03 /* BaseView.h */ = {isa = PBXFileReference; fileEncoding = 4; lastKnownFileType = sourcecode.c.h; path = BaseView.h; sourceTree = "<group>"; };
		75FB5C3B1ADE383300267D03 /* BaseView.m */ = {isa = PBXFileReference; fileEncoding = 4; lastKnownFileType = sourcecode.c.objc; path = BaseView.m; sourceTree = "<group>"; };
		75FB5C3D1ADE384A00267D03 /* BaseViewController.h */ = {isa = PBXFileReference; fileEncoding = 4; lastKnownFileType = sourcecode.c.h; path = BaseViewController.h; sourceTree = "<group>"; };
		75FB5C3E1ADE384A00267D03 /* BaseViewController.m */ = {isa = PBXFileReference; fileEncoding = 4; lastKnownFileType = sourcecode.c.objc; path = BaseViewController.m; sourceTree = "<group>"; };
		75FB5C461ADE50AF00267D03 /* GTMBase64.h */ = {isa = PBXFileReference; fileEncoding = 4; lastKnownFileType = sourcecode.c.h; path = GTMBase64.h; sourceTree = "<group>"; };
		75FB5C471ADE50AF00267D03 /* GTMBase64.m */ = {isa = PBXFileReference; fileEncoding = 4; lastKnownFileType = sourcecode.c.objc; path = GTMBase64.m; sourceTree = "<group>"; };
		75FB5C481ADE50AF00267D03 /* GTMDefines.h */ = {isa = PBXFileReference; fileEncoding = 4; lastKnownFileType = sourcecode.c.h; path = GTMDefines.h; sourceTree = "<group>"; };
		75FB5C4A1ADE50AF00267D03 /* JSON.h */ = {isa = PBXFileReference; fileEncoding = 4; lastKnownFileType = sourcecode.c.h; path = JSON.h; sourceTree = "<group>"; };
		75FB5C4B1ADE50AF00267D03 /* JSONKit.h */ = {isa = PBXFileReference; fileEncoding = 4; lastKnownFileType = sourcecode.c.h; path = JSONKit.h; sourceTree = "<group>"; };
		75FB5C4C1ADE50AF00267D03 /* JSONKit.m */ = {isa = PBXFileReference; fileEncoding = 4; lastKnownFileType = sourcecode.c.objc; path = JSONKit.m; sourceTree = "<group>"; };
		75FB5C4D1ADE50AF00267D03 /* NSObject+SBJSON.h */ = {isa = PBXFileReference; fileEncoding = 4; lastKnownFileType = sourcecode.c.h; path = "NSObject+SBJSON.h"; sourceTree = "<group>"; };
		75FB5C4E1ADE50AF00267D03 /* NSObject+SBJSON.m */ = {isa = PBXFileReference; fileEncoding = 4; lastKnownFileType = sourcecode.c.objc; path = "NSObject+SBJSON.m"; sourceTree = "<group>"; };
		75FB5C4F1ADE50AF00267D03 /* NSString+SBJSON.h */ = {isa = PBXFileReference; fileEncoding = 4; lastKnownFileType = sourcecode.c.h; path = "NSString+SBJSON.h"; sourceTree = "<group>"; };
		75FB5C501ADE50AF00267D03 /* NSString+SBJSON.m */ = {isa = PBXFileReference; fileEncoding = 4; lastKnownFileType = sourcecode.c.objc; path = "NSString+SBJSON.m"; sourceTree = "<group>"; };
		75FB5C511ADE50AF00267D03 /* SBJsonBase.h */ = {isa = PBXFileReference; fileEncoding = 4; lastKnownFileType = sourcecode.c.h; path = SBJsonBase.h; sourceTree = "<group>"; };
		75FB5C521ADE50AF00267D03 /* SBJsonBase.m */ = {isa = PBXFileReference; fileEncoding = 4; lastKnownFileType = sourcecode.c.objc; path = SBJsonBase.m; sourceTree = "<group>"; };
		75FB5C531ADE50AF00267D03 /* SBJsonParser.h */ = {isa = PBXFileReference; fileEncoding = 4; lastKnownFileType = sourcecode.c.h; path = SBJsonParser.h; sourceTree = "<group>"; };
		75FB5C541ADE50AF00267D03 /* SBJsonParser.m */ = {isa = PBXFileReference; fileEncoding = 4; lastKnownFileType = sourcecode.c.objc; path = SBJsonParser.m; sourceTree = "<group>"; };
		75FB5C551ADE50AF00267D03 /* SBJsonWriter.h */ = {isa = PBXFileReference; fileEncoding = 4; lastKnownFileType = sourcecode.c.h; path = SBJsonWriter.h; sourceTree = "<group>"; };
		75FB5C561ADE50AF00267D03 /* SBJsonWriter.m */ = {isa = PBXFileReference; fileEncoding = 4; lastKnownFileType = sourcecode.c.objc; path = SBJsonWriter.m; sourceTree = "<group>"; };
		75FB5C581ADE50AF00267D03 /* Reachability.h */ = {isa = PBXFileReference; fileEncoding = 4; lastKnownFileType = sourcecode.c.h; path = Reachability.h; sourceTree = "<group>"; };
		75FB5C591ADE50AF00267D03 /* Reachability.m */ = {isa = PBXFileReference; fileEncoding = 4; lastKnownFileType = sourcecode.c.objc; path = Reachability.m; sourceTree = "<group>"; };
		75FB5C5B1ADE50AF00267D03 /* RegexKitLite.h */ = {isa = PBXFileReference; fileEncoding = 4; lastKnownFileType = sourcecode.c.h; path = RegexKitLite.h; sourceTree = "<group>"; };
		8554118057BA2B846A866EB6 /* Pods.debug.xcconfig */ = {isa = PBXFileReference; includeInIndex = 1; lastKnownFileType = text.xcconfig; name = Pods.debug.xcconfig; path = "Pods/Target Support Files/Pods/Pods.debug.xcconfig"; sourceTree = "<group>"; };
/* End PBXFileReference section */

/* Begin PBXFrameworksBuildPhase section */
		75FB5BFE1ADE2CDE00267D03 /* Frameworks */ = {
			isa = PBXFrameworksBuildPhase;
			buildActionMask = 2147483647;
			files = (
				A2F17C5B130CC4059BBC1BC9 /* libPods.a in Frameworks */,
			);
			runOnlyForDeploymentPostprocessing = 0;
		};
		75FB5C171ADE2CDE00267D03 /* Frameworks */ = {
			isa = PBXFrameworksBuildPhase;
			buildActionMask = 2147483647;
			files = (
			);
			runOnlyForDeploymentPostprocessing = 0;
		};
/* End PBXFrameworksBuildPhase section */

/* Begin PBXGroup section */
		7528AFE01AE73E9A00250D08 /* App */ = {
			isa = PBXGroup;
			children = (
				7528AFE11AE73E9A00250D08 /* AppDetailVC.h */,
				7528AFE21AE73E9A00250D08 /* AppDetailVC.m */,
				7528AFE31AE73E9A00250D08 /* AppDetailVC.xib */,
				7528AFE41AE73E9A00250D08 /* AppList */,
			);
			path = App;
			sourceTree = "<group>";
		};
		7528AFE41AE73E9A00250D08 /* AppList */ = {
			isa = PBXGroup;
			children = (
				7528AFEE1AE73E9A00250D08 /* AppListVC.h */,
				7528AFEF1AE73E9A00250D08 /* AppListVC.m */,
				7528AFF01AE73E9A00250D08 /* AppListVC.xib */,
				7528B0041AE77C4000250D08 /* AppListCell.h */,
				7528B0051AE77C4000250D08 /* AppListCell.m */,
				7528B0061AE77C4000250D08 /* AppListCell.xib */,
				7528AFE51AE73E9A00250D08 /* ApplistAll.h */,
				7528AFE61AE73E9A00250D08 /* ApplistAll.m */,
				7528AFE71AE73E9A00250D08 /* ApplistAll.xib */,
				7528AFE81AE73E9A00250D08 /* AppListInstalled.h */,
				7528AFE91AE73E9A00250D08 /* AppListInstalled.m */,
				7528AFEA1AE73E9A00250D08 /* AppListInstalled.xib */,
				7528AFEB1AE73E9A00250D08 /* AppListUnInstalled.h */,
				7528AFEC1AE73E9A00250D08 /* AppListUnInstalled.m */,
				7528AFED1AE73E9A00250D08 /* AppListUnInstalled.xib */,
			);
			path = AppList;
			sourceTree = "<group>";
		};
		7528AFF11AE73E9A00250D08 /* Setting */ = {
			isa = PBXGroup;
			children = (
				7528AFF21AE73E9A00250D08 /* SettingVC.h */,
				7528AFF31AE73E9A00250D08 /* SettingVC.m */,
				7528AFF41AE73E9A00250D08 /* SettingVC.xib */,
			);
			path = Setting;
			sourceTree = "<group>";
		};
		75EDC9EE1ADFA99900D5A069 /* SlideMenu */ = {
			isa = PBXGroup;
			children = (
				75EDC9EF1ADFA99900D5A069 /* Animations */,
				75EDC9FB1ADFA99900D5A069 /* Assets */,
				75EDC9FE1ADFA99900D5A069 /* SlideNavigationController.h */,
				75EDC9FF1ADFA99900D5A069 /* SlideNavigationController.m */,
			);
			path = SlideMenu;
			sourceTree = "<group>";
		};
		75EDC9EF1ADFA99900D5A069 /* Animations */ = {
			isa = PBXGroup;
			children = (
				75EDC9F01ADFA99900D5A069 /* SlideNavigationContorllerAnimator.h */,
				75EDC9F11ADFA99900D5A069 /* SlideNavigationContorllerAnimatorFade.h */,
				75EDC9F21ADFA99900D5A069 /* SlideNavigationContorllerAnimatorFade.m */,
				75EDC9F31ADFA99900D5A069 /* SlideNavigationContorllerAnimatorScale.h */,
				75EDC9F41ADFA99900D5A069 /* SlideNavigationContorllerAnimatorScale.m */,
				75EDC9F51ADFA99900D5A069 /* SlideNavigationContorllerAnimatorScaleAndFade.h */,
				75EDC9F61ADFA99900D5A069 /* SlideNavigationContorllerAnimatorScaleAndFade.m */,
				75EDC9F71ADFA99900D5A069 /* SlideNavigationContorllerAnimatorSlide.h */,
				75EDC9F81ADFA99900D5A069 /* SlideNavigationContorllerAnimatorSlide.m */,
				75EDC9F91ADFA99900D5A069 /* SlideNavigationContorllerAnimatorSlideAndFade.h */,
				75EDC9FA1ADFA99900D5A069 /* SlideNavigationContorllerAnimatorSlideAndFade.m */,
			);
			path = Animations;
			sourceTree = "<group>";
		};
		75EDC9FB1ADFA99900D5A069 /* Assets */ = {
			isa = PBXGroup;
			children = (
				75EDC9FC1ADFA99900D5A069 /* menu-button.png */,
				75EDC9FD1ADFA99900D5A069 /* menu-button@2x.png */,
			);
			path = Assets;
			sourceTree = "<group>";
		};
		75F3B7011AE9E3D000E65A2E /* LBFrameworks */ = {
			isa = PBXGroup;
			children = (
				75F3B7021AE9E3D000E65A2E /* badge */,
				75F3B7051AE9E3D000E65A2E /* circle */,
				75F3B7081AE9E3D000E65A2E /* coinAnimation */,
				75F3B70B1AE9E3D000E65A2E /* DrawView */,
				75F3B7181AE9E3D000E65A2E /* Finder */,
				75F3B71D1AE9E3D000E65A2E /* LBLoading */,
				75F3B7241AE9E3D000E65A2E /* LBPopover */,
				75F3B7251AE9E3D000E65A2E /* LBProgressView */,
				75F3B72A1AE9E3D000E65A2E /* LBRandome */,
				75F3B72D1AE9E3D000E65A2E /* LBScrollView */,
				75F3B7321AE9E3D000E65A2E /* NSArray */,
				75F3B7351AE9E3D000E65A2E /* NSDate */,
				75F3B73A1AE9E3D000E65A2E /* Popover */,
				75F3B7411AE9E3D000E65A2E /* Save */,
				75F3B7441AE9E3D000E65A2E /* textField */,
				75F3B7471AE9E3D000E65A2E /* Tools */,
				75F3B74A1AE9E3D000E65A2E /* UIButton */,
				75F3B74D1AE9E3D000E65A2E /* UILabel */,
				75F3B7501AE9E3D000E65A2E /* UITextField */,
			);
			path = LBFrameworks;
			sourceTree = "<group>";
		};
		75F3B7021AE9E3D000E65A2E /* badge */ = {
			isa = PBXGroup;
			children = (
				75F3B7031AE9E3D000E65A2E /* LBBadgeView.h */,
				75F3B7041AE9E3D000E65A2E /* LBBadgeView.m */,
			);
			path = badge;
			sourceTree = "<group>";
		};
		75F3B7051AE9E3D000E65A2E /* circle */ = {
			isa = PBXGroup;
			children = (
				75F3B7061AE9E3D000E65A2E /* EVCircularProgressView.h */,
				75F3B7071AE9E3D000E65A2E /* EVCircularProgressView.m */,
			);
			path = circle;
			sourceTree = "<group>";
		};
		75F3B7081AE9E3D000E65A2E /* coinAnimation */ = {
			isa = PBXGroup;
			children = (
				75F3B7091AE9E3D000E65A2E /* coinAnimationView.h */,
				75F3B70A1AE9E3D000E65A2E /* coinAnimationView.m */,
			);
			path = coinAnimation;
			sourceTree = "<group>";
		};
		75F3B70B1AE9E3D000E65A2E /* DrawView */ = {
			isa = PBXGroup;
			children = (
				75F3B70C1AE9E3D000E65A2E /* drawCircle.h */,
				75F3B70D1AE9E3D000E65A2E /* drawCircle.m */,
				75F3B70E1AE9E3D000E65A2E /* DrawLine.h */,
				75F3B70F1AE9E3D000E65A2E /* DrawLine.m */,
				75F3B7101AE9E3D000E65A2E /* DrawView.h */,
				75F3B7111AE9E3D000E65A2E /* DrawView.m */,
				75F3B7121AE9E3D000E65A2E /* SelectView.h */,
				75F3B7131AE9E3D000E65A2E /* SelectView.m */,
				75F3B7141AE9E3D000E65A2E /* SelectViewItem.h */,
				75F3B7151AE9E3D000E65A2E /* SelectViewItem.m */,
				75F3B7161AE9E3D000E65A2E /* SelectViewItemTextView.h */,
				75F3B7171AE9E3D000E65A2E /* SelectViewItemTextView.m */,
			);
			path = DrawView;
			sourceTree = "<group>";
		};
		75F3B7181AE9E3D000E65A2E /* Finder */ = {
			isa = PBXGroup;
			children = (
				75F3B7191AE9E3D000E65A2E /* LBFinder.h */,
				75F3B71A1AE9E3D000E65A2E /* LBFinder.m */,
				75F3B71B1AE9E3D000E65A2E /* NQFinder.h */,
				75F3B71C1AE9E3D000E65A2E /* NQFinder.m */,
			);
			path = Finder;
			sourceTree = "<group>";
		};
		75F3B71D1AE9E3D000E65A2E /* LBLoading */ = {
			isa = PBXGroup;
			children = (
				75F3B71E1AE9E3D000E65A2E /* dotView.h */,
				75F3B71F1AE9E3D000E65A2E /* dotView.m */,
				75F3B7201AE9E3D000E65A2E /* LBDotLoadingView.h */,
				75F3B7211AE9E3D000E65A2E /* LBDotLoadingView.m */,
				75F3B7221AE9E3D000E65A2E /* LBLoadingView.h */,
				75F3B7231AE9E3D000E65A2E /* LBLoadingView.m */,
			);
			path = LBLoading;
			sourceTree = "<group>";
		};
		75F3B7241AE9E3D000E65A2E /* LBPopover */ = {
			isa = PBXGroup;
			children = (
			);
			path = LBPopover;
			sourceTree = "<group>";
		};
		75F3B7251AE9E3D000E65A2E /* LBProgressView */ = {
			isa = PBXGroup;
			children = (
				75F3B7261AE9E3D000E65A2E /* LBProgressBarView.h */,
				75F3B7271AE9E3D000E65A2E /* LBProgressBarView.m */,
				75F3B7281AE9E3D000E65A2E /* LBProgressView.h */,
				75F3B7291AE9E3D000E65A2E /* LBProgressView.m */,
			);
			path = LBProgressView;
			sourceTree = "<group>";
		};
		75F3B72A1AE9E3D000E65A2E /* LBRandome */ = {
			isa = PBXGroup;
			children = (
				75F3B72B1AE9E3D000E65A2E /* LBRandom.h */,
				75F3B72C1AE9E3D000E65A2E /* LBRandom.m */,
			);
			path = LBRandome;
			sourceTree = "<group>";
		};
		75F3B72D1AE9E3D000E65A2E /* LBScrollView */ = {
			isa = PBXGroup;
			children = (
				75F3B72E1AE9E3D000E65A2E /* ScrollImageView.h */,
				75F3B72F1AE9E3D000E65A2E /* ScrollImageView.m */,
				75F3B7301AE9E3D000E65A2E /* ScrollView3.h */,
				75F3B7311AE9E3D000E65A2E /* ScrollView3.m */,
			);
			path = LBScrollView;
			sourceTree = "<group>";
		};
		75F3B7321AE9E3D000E65A2E /* NSArray */ = {
			isa = PBXGroup;
			children = (
				75F3B7331AE9E3D000E65A2E /* NSArray+beyondBounds.h */,
				75F3B7341AE9E3D000E65A2E /* NSArray+beyondBounds.m */,
			);
			path = NSArray;
			sourceTree = "<group>";
		};
		75F3B7351AE9E3D000E65A2E /* NSDate */ = {
			isa = PBXGroup;
			children = (
				75F3B7361AE9E3D000E65A2E /* NSDate+TimeInterval.h */,
				75F3B7371AE9E3D000E65A2E /* NSDate+TimeInterval.m */,
				75F3B7381AE9E3D000E65A2E /* NSDate+Utilities.h */,
				75F3B7391AE9E3D000E65A2E /* NSDate+Utilities.m */,
			);
			path = NSDate;
			sourceTree = "<group>";
		};
		75F3B73A1AE9E3D000E65A2E /* Popover */ = {
			isa = PBXGroup;
			children = (
				75F3B73B1AE9E3D000E65A2E /* PopoverCell.h */,
				75F3B73C1AE9E3D000E65A2E /* PopoverCell.m */,
				75F3B73D1AE9E3D000E65A2E /* PopoverTable.h */,
				75F3B73E1AE9E3D000E65A2E /* PopoverTable.m */,
				75F3B73F1AE9E3D000E65A2E /* PopoverView.h */,
				75F3B7401AE9E3D000E65A2E /* PopoverView.m */,
			);
			path = Popover;
			sourceTree = "<group>";
		};
		75F3B7411AE9E3D000E65A2E /* Save */ = {
			isa = PBXGroup;
			children = (
				75F3B7421AE9E3D000E65A2E /* NQSave.h */,
				75F3B7431AE9E3D000E65A2E /* NQSave.m */,
			);
			path = Save;
			sourceTree = "<group>";
		};
		75F3B7441AE9E3D000E65A2E /* textField */ = {
			isa = PBXGroup;
			children = (
				75F3B7451AE9E3D000E65A2E /* UITextField_custom.h */,
				75F3B7461AE9E3D000E65A2E /* UITextField_custom.m */,
			);
			path = textField;
			sourceTree = "<group>";
		};
		75F3B7471AE9E3D000E65A2E /* Tools */ = {
			isa = PBXGroup;
			children = (
				75F3B7481AE9E3D000E65A2E /* tools.h */,
				75F3B7491AE9E3D000E65A2E /* tools.m */,
			);
			path = Tools;
			sourceTree = "<group>";
		};
		75F3B74A1AE9E3D000E65A2E /* UIButton */ = {
			isa = PBXGroup;
			children = (
				75F3B74B1AE9E3D000E65A2E /* UIButton_State.h */,
				75F3B74C1AE9E3D000E65A2E /* UIButton_State.m */,
			);
			path = UIButton;
			sourceTree = "<group>";
		};
		75F3B74D1AE9E3D000E65A2E /* UILabel */ = {
			isa = PBXGroup;
			children = (
				75F3B74E1AE9E3D000E65A2E /* UILabelCenter.h */,
				75F3B74F1AE9E3D000E65A2E /* UILabelCenter.m */,
			);
			path = UILabel;
			sourceTree = "<group>";
		};
		75F3B7501AE9E3D000E65A2E /* UITextField */ = {
			isa = PBXGroup;
			children = (
				75F3B7511AE9E3D000E65A2E /* NQTextField.h */,
				75F3B7521AE9E3D000E65A2E /* NQTextField.m */,
			);
			path = UITextField;
			sourceTree = "<group>";
		};
		75F6B6E01AE4B6BF0071EBDE /* HTTP */ = {
			isa = PBXGroup;
			children = (
				75F6B6E71AE4CFC30071EBDE /* Base */,
				75F6B6F11AE4D02D0071EBDE /* LoginRequest.h */,
				75F6B6F21AE4D02D0071EBDE /* LoginRequest.m */,
				7528AFCE1AE73E2C00250D08 /* AppListAllRequest.h */,
				7528AFCF1AE73E2C00250D08 /* AppListAllRequest.m */,
				7528AFD01AE73E2C00250D08 /* AppListInstalledRequest.h */,
				7528AFD11AE73E2C00250D08 /* AppListInstalledRequest.m */,
				7528AFD21AE73E2C00250D08 /* ApplistUnInstalledRequest.h */,
				7528AFD31AE73E2C00250D08 /* ApplistUnInstalledRequest.m */,
				7528AFD41AE73E2C00250D08 /* AppDetailRequest.h */,
				7528AFD51AE73E2C00250D08 /* AppDetailRequest.m */,
				7528B0011AE7767700250D08 /* UserInfoRequest.h */,
				7528B0021AE7767700250D08 /* UserInfoRequest.m */,
			);
			path = HTTP;
			sourceTree = "<group>";
		};
		75F6B6E71AE4CFC30071EBDE /* Base */ = {
			isa = PBXGroup;
			children = (
				75F6B6E81AE4CFC30071EBDE /* BaseRequest.h */,
				75F6B6E91AE4CFC30071EBDE /* BaseRequest.m */,
				75F6B6EA1AE4CFC30071EBDE /* RequestURL.h */,
				75F6B6EB1AE4CFC30071EBDE /* RequestURL.m */,
			);
			path = Base;
			sourceTree = "<group>";
		};
		75FB5BF81ADE2CDE00267D03 = {
			isa = PBXGroup;
			children = (
				75FB5C031ADE2CDE00267D03 /* SecCom */,
				75F6B6E01AE4B6BF0071EBDE /* HTTP */,
				75FB5C2B1ADE373700267D03 /* General */,
				75FB5C2F1ADE373700267D03 /* Helps */,
				75FB5C301ADE373700267D03 /* Macro */,
				75FB5C351ADE373700267D03 /* Models */,
				75FB5C371ADE373700267D03 /* VC */,
				75FB5C391ADE373700267D03 /* Vendors */,
				75FB5C1D1ADE2CDE00267D03 /* SecComTests */,
				75FB5C021ADE2CDE00267D03 /* Products */,
				EDD3509214E91D7410BCD8DD /* Pods */,
				E962AEC1D53075DF9A2BD3D3 /* Frameworks */,
			);
			sourceTree = "<group>";
		};
		75FB5C021ADE2CDE00267D03 /* Products */ = {
			isa = PBXGroup;
			children = (
				75FB5C011ADE2CDE00267D03 /* SecCom.app */,
				75FB5C1A1ADE2CDE00267D03 /* SecComTests.xctest */,
			);
			name = Products;
			sourceTree = "<group>";
		};
		75FB5C031ADE2CDE00267D03 /* SecCom */ = {
			isa = PBXGroup;
			children = (
				75FB5C081ADE2CDE00267D03 /* AppDelegate.h */,
				75FB5C091ADE2CDE00267D03 /* AppDelegate.m */,
				75F3B7721AEA1F4D00E65A2E /* ViewController.h */,
				75F3B7731AEA1F4D00E65A2E /* ViewController.m */,
				75EDC9EC1ADF83B800D5A069 /* Header.h */,
				75FB5C0E1ADE2CDE00267D03 /* Main.storyboard */,
				75FB5C111ADE2CDE00267D03 /* Images.xcassets */,
				75FB5C131ADE2CDE00267D03 /* LaunchScreen.xib */,
				75FB5C041ADE2CDE00267D03 /* Supporting Files */,
			);
			path = SecCom;
			sourceTree = "<group>";
		};
		75FB5C041ADE2CDE00267D03 /* Supporting Files */ = {
			isa = PBXGroup;
			children = (
				75FB5C051ADE2CDE00267D03 /* Info.plist */,
				75FB5C061ADE2CDE00267D03 /* main.m */,
			);
			name = "Supporting Files";
			sourceTree = "<group>";
		};
		75FB5C1D1ADE2CDE00267D03 /* SecComTests */ = {
			isa = PBXGroup;
			children = (
				75FB5C201ADE2CDE00267D03 /* SecComTests.m */,
				75FB5C1E1ADE2CDE00267D03 /* Supporting Files */,
			);
			path = SecComTests;
			sourceTree = "<group>";
		};
		75FB5C1E1ADE2CDE00267D03 /* Supporting Files */ = {
			isa = PBXGroup;
			children = (
				75FB5C1F1ADE2CDE00267D03 /* Info.plist */,
			);
			name = "Supporting Files";
			sourceTree = "<group>";
		};
		75FB5C2B1ADE373700267D03 /* General */ = {
			isa = PBXGroup;
			children = (
				75FB5C2C1ADE373700267D03 /* BaseClasses */,
				75FB5C2D1ADE373700267D03 /* BaseViews */,
				75FB5C2E1ADE373700267D03 /* Categories */,
			);
			path = General;
			sourceTree = "<group>";
		};
		75FB5C2C1ADE373700267D03 /* BaseClasses */ = {
			isa = PBXGroup;
			children = (
				75FB5C3D1ADE384A00267D03 /* BaseViewController.h */,
				75FB5C3E1ADE384A00267D03 /* BaseViewController.m */,
				755A799D1ADFBC1E00046777 /* SlideBaseVC.h */,
				755A799E1ADFBC1E00046777 /* SlideBaseVC.m */,
			);
			path = BaseClasses;
			sourceTree = "<group>";
		};
		75FB5C2D1ADE373700267D03 /* BaseViews */ = {
			isa = PBXGroup;
			children = (
				75FB5C3A1ADE383300267D03 /* BaseView.h */,
				75FB5C3B1ADE383300267D03 /* BaseView.m */,
			);
			path = BaseViews;
			sourceTree = "<group>";
		};
		75FB5C2E1ADE373700267D03 /* Categories */ = {
			isa = PBXGroup;
			children = (
			);
			path = Categories;
			sourceTree = "<group>";
		};
		75FB5C2F1ADE373700267D03 /* Helps */ = {
			isa = PBXGroup;
			children = (
				75F3B7011AE9E3D000E65A2E /* LBFrameworks */,
				75EDC9EE1ADFA99900D5A069 /* SlideMenu */,
				75FB5C451ADE50AF00267D03 /* GTMBase64 */,
				75FB5C491ADE50AF00267D03 /* JSON */,
				75FB5C571ADE50AF00267D03 /* Reachability */,
				75FB5C5A1ADE50AF00267D03 /* RegexKitLite */,
			);
			path = Helps;
			sourceTree = "<group>";
		};
		75FB5C301ADE373700267D03 /* Macro */ = {
			isa = PBXGroup;
			children = (
				75FB5C311ADE373700267D03 /* AppMacro.h */,
				75FB5C321ADE373700267D03 /* NotificationMacro.h */,
				75FB5C331ADE373700267D03 /* UtilsMacro.h */,
				75FB5C341ADE373700267D03 /* VendorMacro.h */,
			);
			path = Macro;
			sourceTree = "<group>";
		};
		75FB5C351ADE373700267D03 /* Models */ = {
			isa = PBXGroup;
			children = (
				75F6B6F41AE4D5480071EBDE /* BaseModel.h */,
				75F6B6F51AE4D5480071EBDE /* BaseModel.m */,
				75F3B6FE1AE9E16C00E65A2E /* responseModel.h */,
				75F3B6FF1AE9E16C00E65A2E /* responseModel.m */,
				7528AFDA1AE73E6200250D08 /* AppModel.h */,
				7528AFDB1AE73E6200250D08 /* AppModel.m */,
				75F553DF1AEE02C200771953 /* imageUrlModel.h */,
				75F553E01AEE02C200771953 /* imageUrlModel.m */,
				7528AFDC1AE73E6200250D08 /* UserModel.h */,
				7528AFDD1AE73E6200250D08 /* UserModel.m */,
			);
			path = Models;
			sourceTree = "<group>";
		};
		75FB5C371ADE373700267D03 /* VC */ = {
			isa = PBXGroup;
			children = (
				7528AFE01AE73E9A00250D08 /* App */,
				7528AFF11AE73E9A00250D08 /* Setting */,
				75FB5C381ADE373700267D03 /* Login */,
				75FB5C691ADE6C8B00267D03 /* Menu */,
				185FD18D1AE6590500A19BDE /* HomeViewController.h */,
				185FD18E1AE6590500A19BDE /* HomeViewController.m */,
				185FD18F1AE6590500A19BDE /* HomeViewController.xib */,
			);
			path = VC;
			sourceTree = "<group>";
		};
		75FB5C381ADE373700267D03 /* Login */ = {
			isa = PBXGroup;
			children = (
				185FD17E1AE64D6500A19BDE /* LoginVC.h */,
				185FD17F1AE64D6500A19BDE /* LoginVC.m */,
				185FD1801AE64D6500A19BDE /* LoginVC.xib */,
			);
			path = Login;
			sourceTree = "<group>";
		};
		75FB5C391ADE373700267D03 /* Vendors */ = {
			isa = PBXGroup;
			children = (
			);
			path = Vendors;
			sourceTree = "<group>";
		};
		75FB5C451ADE50AF00267D03 /* GTMBase64 */ = {
			isa = PBXGroup;
			children = (
				75FB5C461ADE50AF00267D03 /* GTMBase64.h */,
				75FB5C471ADE50AF00267D03 /* GTMBase64.m */,
				75FB5C481ADE50AF00267D03 /* GTMDefines.h */,
			);
			path = GTMBase64;
			sourceTree = "<group>";
		};
		75FB5C491ADE50AF00267D03 /* JSON */ = {
			isa = PBXGroup;
			children = (
				75FB5C4A1ADE50AF00267D03 /* JSON.h */,
				75FB5C4B1ADE50AF00267D03 /* JSONKit.h */,
				75FB5C4C1ADE50AF00267D03 /* JSONKit.m */,
				75FB5C4D1ADE50AF00267D03 /* NSObject+SBJSON.h */,
				75FB5C4E1ADE50AF00267D03 /* NSObject+SBJSON.m */,
				75FB5C4F1ADE50AF00267D03 /* NSString+SBJSON.h */,
				75FB5C501ADE50AF00267D03 /* NSString+SBJSON.m */,
				75FB5C511ADE50AF00267D03 /* SBJsonBase.h */,
				75FB5C521ADE50AF00267D03 /* SBJsonBase.m */,
				75FB5C531ADE50AF00267D03 /* SBJsonParser.h */,
				75FB5C541ADE50AF00267D03 /* SBJsonParser.m */,
				75FB5C551ADE50AF00267D03 /* SBJsonWriter.h */,
				75FB5C561ADE50AF00267D03 /* SBJsonWriter.m */,
			);
			path = JSON;
			sourceTree = "<group>";
		};
		75FB5C571ADE50AF00267D03 /* Reachability */ = {
			isa = PBXGroup;
			children = (
				75FB5C581ADE50AF00267D03 /* Reachability.h */,
				75FB5C591ADE50AF00267D03 /* Reachability.m */,
			);
			path = Reachability;
			sourceTree = "<group>";
		};
		75FB5C5A1ADE50AF00267D03 /* RegexKitLite */ = {
			isa = PBXGroup;
			children = (
				75FB5C5B1ADE50AF00267D03 /* RegexKitLite.h */,
			);
			path = RegexKitLite;
			sourceTree = "<group>";
		};
		75FB5C691ADE6C8B00267D03 /* Menu */ = {
			isa = PBXGroup;
			children = (
				185FD1831AE64E7300A19BDE /* LeftVC.h */,
				185FD1841AE64E7300A19BDE /* LeftVC.m */,
				185FD1851AE64E7300A19BDE /* LeftVC.xib */,
			);
			path = Menu;
			sourceTree = "<group>";
		};
		E962AEC1D53075DF9A2BD3D3 /* Frameworks */ = {
			isa = PBXGroup;
			children = (
				230F271E6F81F5E57D512406 /* libPods.a */,
			);
			name = Frameworks;
			sourceTree = "<group>";
		};
		EDD3509214E91D7410BCD8DD /* Pods */ = {
			isa = PBXGroup;
			children = (
				8554118057BA2B846A866EB6 /* Pods.debug.xcconfig */,
				1D83F6B07CDF56EEC2243FB8 /* Pods.release.xcconfig */,
			);
			name = Pods;
			sourceTree = "<group>";
		};
/* End PBXGroup section */

/* Begin PBXNativeTarget section */
		75FB5C001ADE2CDE00267D03 /* SecCom */ = {
			isa = PBXNativeTarget;
			buildConfigurationList = 75FB5C241ADE2CDE00267D03 /* Build configuration list for PBXNativeTarget "SecCom" */;
			buildPhases = (
				63BE55EEAC7BA997199EAB93 /* Check Pods Manifest.lock */,
				75FB5BFD1ADE2CDE00267D03 /* Sources */,
				75FB5BFE1ADE2CDE00267D03 /* Frameworks */,
				75FB5BFF1ADE2CDE00267D03 /* Resources */,
				F0161EC1E53304D0D0BB8877 /* Copy Pods Resources */,
			);
			buildRules = (
			);
			dependencies = (
			);
			name = SecCom;
			productName = SecCom;
			productReference = 75FB5C011ADE2CDE00267D03 /* SecCom.app */;
			productType = "com.apple.product-type.application";
		};
		75FB5C191ADE2CDE00267D03 /* SecComTests */ = {
			isa = PBXNativeTarget;
			buildConfigurationList = 75FB5C271ADE2CDE00267D03 /* Build configuration list for PBXNativeTarget "SecComTests" */;
			buildPhases = (
				75FB5C161ADE2CDE00267D03 /* Sources */,
				75FB5C171ADE2CDE00267D03 /* Frameworks */,
				75FB5C181ADE2CDE00267D03 /* Resources */,
			);
			buildRules = (
			);
			dependencies = (
				75FB5C1C1ADE2CDE00267D03 /* PBXTargetDependency */,
			);
			name = SecComTests;
			productName = SecComTests;
			productReference = 75FB5C1A1ADE2CDE00267D03 /* SecComTests.xctest */;
			productType = "com.apple.product-type.bundle.unit-test";
		};
/* End PBXNativeTarget section */

/* Begin PBXProject section */
		75FB5BF91ADE2CDE00267D03 /* Project object */ = {
			isa = PBXProject;
			attributes = {
				LastUpgradeCheck = 0610;
				ORGANIZATIONNAME = LB;
				TargetAttributes = {
					75FB5C001ADE2CDE00267D03 = {
						CreatedOnToolsVersion = 6.1;
						DevelopmentTeam = BH5NUF8GLL;
					};
					75FB5C191ADE2CDE00267D03 = {
						CreatedOnToolsVersion = 6.1;
						TestTargetID = 75FB5C001ADE2CDE00267D03;
					};
				};
			};
			buildConfigurationList = 75FB5BFC1ADE2CDE00267D03 /* Build configuration list for PBXProject "SecCom" */;
			compatibilityVersion = "Xcode 3.2";
			developmentRegion = English;
			hasScannedForEncodings = 0;
			knownRegions = (
				en,
				Base,
			);
			mainGroup = 75FB5BF81ADE2CDE00267D03;
			productRefGroup = 75FB5C021ADE2CDE00267D03 /* Products */;
			projectDirPath = "";
			projectRoot = "";
			targets = (
				75FB5C001ADE2CDE00267D03 /* SecCom */,
				75FB5C191ADE2CDE00267D03 /* SecComTests */,
			);
		};
/* End PBXProject section */

/* Begin PBXResourcesBuildPhase section */
		75FB5BFF1ADE2CDE00267D03 /* Resources */ = {
			isa = PBXResourcesBuildPhase;
			buildActionMask = 2147483647;
			files = (
				7528AFF61AE73E9A00250D08 /* AppDetailVC.xib in Resources */,
				185FD1821AE64D6500A19BDE /* LoginVC.xib in Resources */,
				7528AFFA1AE73E9A00250D08 /* AppListInstalled.xib in Resources */,
				7528B0081AE77C4000250D08 /* AppListCell.xib in Resources */,
				7528AFFC1AE73E9A00250D08 /* AppListUnInstalled.xib in Resources */,
				185FD1871AE64E7300A19BDE /* LeftVC.xib in Resources */,
				7528B0001AE73E9A00250D08 /* SettingVC.xib in Resources */,
				75EDCA051ADFA99900D5A069 /* menu-button.png in Resources */,
				75FB5C101ADE2CDE00267D03 /* Main.storyboard in Resources */,
				7528AFFE1AE73E9A00250D08 /* AppListVC.xib in Resources */,
				75FB5C151ADE2CDE00267D03 /* LaunchScreen.xib in Resources */,
				75EDCA061ADFA99900D5A069 /* menu-button@2x.png in Resources */,
				75FB5C121ADE2CDE00267D03 /* Images.xcassets in Resources */,
				185FD1911AE6590500A19BDE /* HomeViewController.xib in Resources */,
				7528AFF81AE73E9A00250D08 /* ApplistAll.xib in Resources */,
			);
			runOnlyForDeploymentPostprocessing = 0;
		};
		75FB5C181ADE2CDE00267D03 /* Resources */ = {
			isa = PBXResourcesBuildPhase;
			buildActionMask = 2147483647;
			files = (
			);
			runOnlyForDeploymentPostprocessing = 0;
		};
/* End PBXResourcesBuildPhase section */

/* Begin PBXShellScriptBuildPhase section */
		63BE55EEAC7BA997199EAB93 /* Check Pods Manifest.lock */ = {
			isa = PBXShellScriptBuildPhase;
			buildActionMask = 2147483647;
			files = (
			);
			inputPaths = (
			);
			name = "Check Pods Manifest.lock";
			outputPaths = (
			);
			runOnlyForDeploymentPostprocessing = 0;
			shellPath = /bin/sh;
			shellScript = "diff \"${PODS_ROOT}/../Podfile.lock\" \"${PODS_ROOT}/Manifest.lock\" > /dev/null\nif [[ $? != 0 ]] ; then\n    cat << EOM\nerror: The sandbox is not in sync with the Podfile.lock. Run 'pod install' or update your CocoaPods installation.\nEOM\n    exit 1\nfi\n";
			showEnvVarsInLog = 0;
		};
		F0161EC1E53304D0D0BB8877 /* Copy Pods Resources */ = {
			isa = PBXShellScriptBuildPhase;
			buildActionMask = 2147483647;
			files = (
			);
			inputPaths = (
			);
			name = "Copy Pods Resources";
			outputPaths = (
			);
			runOnlyForDeploymentPostprocessing = 0;
			shellPath = /bin/sh;
			shellScript = "\"${SRCROOT}/Pods/Target Support Files/Pods/Pods-resources.sh\"\n";
			showEnvVarsInLog = 0;
		};
/* End PBXShellScriptBuildPhase section */

/* Begin PBXSourcesBuildPhase section */
		75FB5BFD1ADE2CDE00267D03 /* Sources */ = {
			isa = PBXSourcesBuildPhase;
			buildActionMask = 2147483647;
			files = (
				7528AFD91AE73E2C00250D08 /* AppDetailRequest.m in Sources */,
				7528AFF51AE73E9A00250D08 /* AppDetailVC.m in Sources */,
				75F6B6F61AE4D5480071EBDE /* BaseModel.m in Sources */,
				75F3B7651AE9E3D000E65A2E /* ScrollView3.m in Sources */,
				75F3B7641AE9E3D000E65A2E /* ScrollImageView.m in Sources */,
				7528AFF71AE73E9A00250D08 /* ApplistAll.m in Sources */,
				75F3B75D1AE9E3D000E65A2E /* NQFinder.m in Sources */,
				75F3B76E1AE9E3D000E65A2E /* tools.m in Sources */,
				75FB5C631ADE50AF00267D03 /* Reachability.m in Sources */,
				75F3B76B1AE9E3D000E65A2E /* PopoverView.m in Sources */,
				75F3B7581AE9E3D000E65A2E /* DrawView.m in Sources */,
				75F3B75E1AE9E3D000E65A2E /* dotView.m in Sources */,
				7528AFDF1AE73E6200250D08 /* UserModel.m in Sources */,
				75EDCA021ADFA99900D5A069 /* SlideNavigationContorllerAnimatorScaleAndFade.m in Sources */,
				185FD1861AE64E7300A19BDE /* LeftVC.m in Sources */,
				75F6B6ED1AE4CFC30071EBDE /* RequestURL.m in Sources */,
				75F3B75C1AE9E3D000E65A2E /* LBFinder.m in Sources */,
				75EDCA001ADFA99900D5A069 /* SlideNavigationContorllerAnimatorFade.m in Sources */,
				75F3B7691AE9E3D000E65A2E /* PopoverCell.m in Sources */,
				75F3B76A1AE9E3D000E65A2E /* PopoverTable.m in Sources */,
				75EDCA031ADFA99900D5A069 /* SlideNavigationContorllerAnimatorSlide.m in Sources */,
				75FB5C621ADE50AF00267D03 /* SBJsonWriter.m in Sources */,
				75F3B7741AEA1F4D00E65A2E /* ViewController.m in Sources */,
				75EDCA071ADFA99900D5A069 /* SlideNavigationController.m in Sources */,
				7528AFFF1AE73E9A00250D08 /* SettingVC.m in Sources */,
				75F3B7601AE9E3D000E65A2E /* LBLoadingView.m in Sources */,
				75FB5C5F1ADE50AF00267D03 /* NSString+SBJSON.m in Sources */,
				75F3B76D1AE9E3D000E65A2E /* UITextField_custom.m in Sources */,
				75F3B7631AE9E3D000E65A2E /* LBRandom.m in Sources */,
				75F3B7571AE9E3D000E65A2E /* DrawLine.m in Sources */,
				75F3B7541AE9E3D000E65A2E /* EVCircularProgressView.m in Sources */,
				75FB5C5C1ADE50AF00267D03 /* GTMBase64.m in Sources */,
				75EDCA011ADFA99900D5A069 /* SlideNavigationContorllerAnimatorScale.m in Sources */,
				75F3B7591AE9E3D000E65A2E /* SelectView.m in Sources */,
				7528AFD71AE73E2C00250D08 /* AppListInstalledRequest.m in Sources */,
				75F3B7711AE9E3D000E65A2E /* NQTextField.m in Sources */,
				75FB5C3F1ADE384A00267D03 /* BaseViewController.m in Sources */,
				75F6B6F31AE4D02D0071EBDE /* LoginRequest.m in Sources */,
				75F3B7531AE9E3D000E65A2E /* LBBadgeView.m in Sources */,
				7528AFDE1AE73E6200250D08 /* AppModel.m in Sources */,
				75F3B7001AE9E16C00E65A2E /* responseModel.m in Sources */,
				75FB5C611ADE50AF00267D03 /* SBJsonParser.m in Sources */,
				75FB5C0A1ADE2CDE00267D03 /* AppDelegate.m in Sources */,
				7528AFF91AE73E9A00250D08 /* AppListInstalled.m in Sources */,
				7528AFD81AE73E2C00250D08 /* ApplistUnInstalledRequest.m in Sources */,
				7528B0031AE7767700250D08 /* UserInfoRequest.m in Sources */,
				75F553E11AEE02C200771953 /* imageUrlModel.m in Sources */,
				75F3B7621AE9E3D000E65A2E /* LBProgressView.m in Sources */,
				75F3B75A1AE9E3D000E65A2E /* SelectViewItem.m in Sources */,
				185FD1811AE64D6500A19BDE /* LoginVC.m in Sources */,
				75F3B7611AE9E3D000E65A2E /* LBProgressBarView.m in Sources */,
				75F3B7671AE9E3D000E65A2E /* NSDate+TimeInterval.m in Sources */,
				7528B0071AE77C4000250D08 /* AppListCell.m in Sources */,
				75F3B76C1AE9E3D000E65A2E /* NQSave.m in Sources */,
				75F3B75B1AE9E3D000E65A2E /* SelectViewItemTextView.m in Sources */,
				7528AFFB1AE73E9A00250D08 /* AppListUnInstalled.m in Sources */,
				75FB5C071ADE2CDE00267D03 /* main.m in Sources */,
				755A799F1ADFBC1E00046777 /* SlideBaseVC.m in Sources */,
				75FB5C5D1ADE50AF00267D03 /* JSONKit.m in Sources */,
				75F6B6EC1AE4CFC30071EBDE /* BaseRequest.m in Sources */,
				75F3B7551AE9E3D000E65A2E /* coinAnimationView.m in Sources */,
				75F3B7701AE9E3D000E65A2E /* UILabelCenter.m in Sources */,
				75FB5C601ADE50AF00267D03 /* SBJsonBase.m in Sources */,
				75FB5C5E1ADE50AF00267D03 /* NSObject+SBJSON.m in Sources */,
				75F3B76F1AE9E3D000E65A2E /* UIButton_State.m in Sources */,
				75F3B7661AE9E3D000E65A2E /* NSArray+beyondBounds.m in Sources */,
				75EDCA041ADFA99900D5A069 /* SlideNavigationContorllerAnimatorSlideAndFade.m in Sources */,
				185FD1901AE6590500A19BDE /* HomeViewController.m in Sources */,
				75FB5C3C1ADE383300267D03 /* BaseView.m in Sources */,
				7528AFFD1AE73E9A00250D08 /* AppListVC.m in Sources */,
				7528AFD61AE73E2C00250D08 /* AppListAllRequest.m in Sources */,
				75F3B7561AE9E3D000E65A2E /* drawCircle.m in Sources */,
				75F3B75F1AE9E3D000E65A2E /* LBDotLoadingView.m in Sources */,
				75F3B7681AE9E3D000E65A2E /* NSDate+Utilities.m in Sources */,
			);
			runOnlyForDeploymentPostprocessing = 0;
		};
		75FB5C161ADE2CDE00267D03 /* Sources */ = {
			isa = PBXSourcesBuildPhase;
			buildActionMask = 2147483647;
			files = (
				75FB5C211ADE2CDE00267D03 /* SecComTests.m in Sources */,
			);
			runOnlyForDeploymentPostprocessing = 0;
		};
/* End PBXSourcesBuildPhase section */

/* Begin PBXTargetDependency section */
		75FB5C1C1ADE2CDE00267D03 /* PBXTargetDependency */ = {
			isa = PBXTargetDependency;
			target = 75FB5C001ADE2CDE00267D03 /* SecCom */;
			targetProxy = 75FB5C1B1ADE2CDE00267D03 /* PBXContainerItemProxy */;
		};
/* End PBXTargetDependency section */

/* Begin PBXVariantGroup section */
		75FB5C0E1ADE2CDE00267D03 /* Main.storyboard */ = {
			isa = PBXVariantGroup;
			children = (
				75FB5C0F1ADE2CDE00267D03 /* Base */,
			);
			name = Main.storyboard;
			sourceTree = "<group>";
		};
		75FB5C131ADE2CDE00267D03 /* LaunchScreen.xib */ = {
			isa = PBXVariantGroup;
			children = (
				75FB5C141ADE2CDE00267D03 /* Base */,
			);
			name = LaunchScreen.xib;
			sourceTree = "<group>";
		};
/* End PBXVariantGroup section */

/* Begin XCBuildConfiguration section */
		75FB5C221ADE2CDE00267D03 /* Debug */ = {
			isa = XCBuildConfiguration;
			buildSettings = {
				ALWAYS_SEARCH_USER_PATHS = NO;
				CLANG_CXX_LANGUAGE_STANDARD = "gnu++0x";
				CLANG_CXX_LIBRARY = "libc++";
				CLANG_ENABLE_MODULES = YES;
				CLANG_ENABLE_OBJC_ARC = YES;
				CLANG_WARN_BOOL_CONVERSION = YES;
				CLANG_WARN_CONSTANT_CONVERSION = YES;
				CLANG_WARN_DIRECT_OBJC_ISA_USAGE = YES_ERROR;
				CLANG_WARN_EMPTY_BODY = YES;
				CLANG_WARN_ENUM_CONVERSION = YES;
				CLANG_WARN_INT_CONVERSION = YES;
				CLANG_WARN_OBJC_ROOT_CLASS = YES_ERROR;
				CLANG_WARN_UNREACHABLE_CODE = YES;
				CLANG_WARN__DUPLICATE_METHOD_MATCH = YES;
				"CODE_SIGN_IDENTITY[sdk=iphoneos*]" = "iPhone Developer";
				COPY_PHASE_STRIP = NO;
				ENABLE_STRICT_OBJC_MSGSEND = YES;
				GCC_C_LANGUAGE_STANDARD = gnu99;
				GCC_DYNAMIC_NO_PIC = NO;
				GCC_OPTIMIZATION_LEVEL = 0;
				GCC_PREPROCESSOR_DEFINITIONS = (
					"DEBUG=1",
					"$(inherited)",
				);
				GCC_SYMBOLS_PRIVATE_EXTERN = NO;
				GCC_WARN_64_TO_32_BIT_CONVERSION = YES;
				GCC_WARN_ABOUT_RETURN_TYPE = YES_ERROR;
				GCC_WARN_UNDECLARED_SELECTOR = YES;
				GCC_WARN_UNINITIALIZED_AUTOS = YES_AGGRESSIVE;
				GCC_WARN_UNUSED_FUNCTION = YES;
				GCC_WARN_UNUSED_VARIABLE = YES;
				IPHONEOS_DEPLOYMENT_TARGET = 8.1;
				MTL_ENABLE_DEBUG_INFO = YES;
				ONLY_ACTIVE_ARCH = YES;
				SDKROOT = iphoneos;
				TARGETED_DEVICE_FAMILY = "1,2";
				USER_HEADER_SEARCH_PATHS = "${SRCROOT}/**";
			};
			name = Debug;
		};
		75FB5C231ADE2CDE00267D03 /* Release */ = {
			isa = XCBuildConfiguration;
			buildSettings = {
				ALWAYS_SEARCH_USER_PATHS = NO;
				CLANG_CXX_LANGUAGE_STANDARD = "gnu++0x";
				CLANG_CXX_LIBRARY = "libc++";
				CLANG_ENABLE_MODULES = YES;
				CLANG_ENABLE_OBJC_ARC = YES;
				CLANG_WARN_BOOL_CONVERSION = YES;
				CLANG_WARN_CONSTANT_CONVERSION = YES;
				CLANG_WARN_DIRECT_OBJC_ISA_USAGE = YES_ERROR;
				CLANG_WARN_EMPTY_BODY = YES;
				CLANG_WARN_ENUM_CONVERSION = YES;
				CLANG_WARN_INT_CONVERSION = YES;
				CLANG_WARN_OBJC_ROOT_CLASS = YES_ERROR;
				CLANG_WARN_UNREACHABLE_CODE = YES;
				CLANG_WARN__DUPLICATE_METHOD_MATCH = YES;
				"CODE_SIGN_IDENTITY[sdk=iphoneos*]" = "iPhone Developer";
				COPY_PHASE_STRIP = YES;
				ENABLE_NS_ASSERTIONS = NO;
				ENABLE_STRICT_OBJC_MSGSEND = YES;
				GCC_C_LANGUAGE_STANDARD = gnu99;
				GCC_WARN_64_TO_32_BIT_CONVERSION = YES;
				GCC_WARN_ABOUT_RETURN_TYPE = YES_ERROR;
				GCC_WARN_UNDECLARED_SELECTOR = YES;
				GCC_WARN_UNINITIALIZED_AUTOS = YES_AGGRESSIVE;
				GCC_WARN_UNUSED_FUNCTION = YES;
				GCC_WARN_UNUSED_VARIABLE = YES;
				IPHONEOS_DEPLOYMENT_TARGET = 8.1;
				MTL_ENABLE_DEBUG_INFO = NO;
				SDKROOT = iphoneos;
				TARGETED_DEVICE_FAMILY = "1,2";
				USER_HEADER_SEARCH_PATHS = "${SRCROOT}/**";
				VALIDATE_PRODUCT = YES;
			};
			name = Release;
		};
		75FB5C251ADE2CDE00267D03 /* Debug */ = {
			isa = XCBuildConfiguration;
			baseConfigurationReference = 8554118057BA2B846A866EB6 /* Pods.debug.xcconfig */;
			buildSettings = {
				ASSETCATALOG_COMPILER_APPICON_NAME = AppIcon;
				CODE_SIGN_IDENTITY = "iPhone Developer";
				"CODE_SIGN_IDENTITY[sdk=iphoneos*]" = "iPhone Developer";
				INFOPLIST_FILE = SecCom/Info.plist;
				IPHONEOS_DEPLOYMENT_TARGET = 7.0;
				LD_RUNPATH_SEARCH_PATHS = "$(inherited) @executable_path/Frameworks";
				PRODUCT_NAME = "$(TARGET_NAME)";
				PROVISIONING_PROFILE = "";
			};
			name = Debug;
		};
		75FB5C261ADE2CDE00267D03 /* Release */ = {
			isa = XCBuildConfiguration;
			baseConfigurationReference = 1D83F6B07CDF56EEC2243FB8 /* Pods.release.xcconfig */;
			buildSettings = {
				ASSETCATALOG_COMPILER_APPICON_NAME = AppIcon;
				CODE_SIGN_IDENTITY = "iPhone Developer";
				"CODE_SIGN_IDENTITY[sdk=iphoneos*]" = "iPhone Developer";
				INFOPLIST_FILE = SecCom/Info.plist;
				IPHONEOS_DEPLOYMENT_TARGET = 7.0;
				LD_RUNPATH_SEARCH_PATHS = "$(inherited) @executable_path/Frameworks";
				PRODUCT_NAME = "$(TARGET_NAME)";
				PROVISIONING_PROFILE = "";
			};
			name = Release;
		};
		75FB5C281ADE2CDE00267D03 /* Debug */ = {
			isa = XCBuildConfiguration;
			buildSettings = {
				BUNDLE_LOADER = "$(TEST_HOST)";
				FRAMEWORK_SEARCH_PATHS = (
					"$(SDKROOT)/Developer/Library/Frameworks",
					"$(inherited)",
				);
				GCC_PREPROCESSOR_DEFINITIONS = (
					"DEBUG=1",
					"$(inherited)",
				);
				INFOPLIST_FILE = SecComTests/Info.plist;
				LD_RUNPATH_SEARCH_PATHS = "$(inherited) @executable_path/Frameworks @loader_path/Frameworks";
				PRODUCT_NAME = "$(TARGET_NAME)";
				TEST_HOST = "$(BUILT_PRODUCTS_DIR)/SecCom.app/SecCom";
			};
			name = Debug;
		};
		75FB5C291ADE2CDE00267D03 /* Release */ = {
			isa = XCBuildConfiguration;
			buildSettings = {
				BUNDLE_LOADER = "$(TEST_HOST)";
				FRAMEWORK_SEARCH_PATHS = (
					"$(SDKROOT)/Developer/Library/Frameworks",
					"$(inherited)",
				);
				INFOPLIST_FILE = SecComTests/Info.plist;
				LD_RUNPATH_SEARCH_PATHS = "$(inherited) @executable_path/Frameworks @loader_path/Frameworks";
				PRODUCT_NAME = "$(TARGET_NAME)";
				TEST_HOST = "$(BUILT_PRODUCTS_DIR)/SecCom.app/SecCom";
			};
			name = Release;
		};
/* End XCBuildConfiguration section */

/* Begin XCConfigurationList section */
		75FB5BFC1ADE2CDE00267D03 /* Build configuration list for PBXProject "SecCom" */ = {
			isa = XCConfigurationList;
			buildConfigurations = (
				75FB5C221ADE2CDE00267D03 /* Debug */,
				75FB5C231ADE2CDE00267D03 /* Release */,
			);
			defaultConfigurationIsVisible = 0;
			defaultConfigurationName = Release;
		};
		75FB5C241ADE2CDE00267D03 /* Build configuration list for PBXNativeTarget "SecCom" */ = {
			isa = XCConfigurationList;
			buildConfigurations = (
				75FB5C251ADE2CDE00267D03 /* Debug */,
				75FB5C261ADE2CDE00267D03 /* Release */,
			);
			defaultConfigurationIsVisible = 0;
			defaultConfigurationName = Release;
		};
		75FB5C271ADE2CDE00267D03 /* Build configuration list for PBXNativeTarget "SecComTests" */ = {
			isa = XCConfigurationList;
			buildConfigurations = (
				75FB5C281ADE2CDE00267D03 /* Debug */,
				75FB5C291ADE2CDE00267D03 /* Release */,
			);
			defaultConfigurationIsVisible = 0;
			defaultConfigurationName = Release;
		};
/* End XCConfigurationList section */
	};
	rootObject = 75FB5BF91ADE2CDE00267D03 /* Project object */;
}
